// !$*UTF8*$!
{
	archiveVersion = 1;
	classes = {
	};
	objectVersion = 46;
	objects = {

/* Begin PBXBuildFile section */
		57AAA6DB18E15669000045CF /* libUtilities.a in Frameworks */ = {isa = PBXBuildFile; fileRef = 57AAA6DA18E1564B000045CF /* libUtilities.a */; };
		57CF2F7B18E12CAA00D96B3F /* libFileStream.a in Frameworks */ = {isa = PBXBuildFile; fileRef = 57CF2F7A18E12C9300D96B3F /* libFileStream.a */; };
		57CF2F8318E12D3D00D96B3F /* libGL.a in Frameworks */ = {isa = PBXBuildFile; fileRef = 57CF2F8218E12D3300D96B3F /* libGL.a */; };
		57CF2F8A18E12D7400D96B3F /* libiOS.a in Frameworks */ = {isa = PBXBuildFile; fileRef = 57CF2F8918E12D6C00D96B3F /* libiOS.a */; };
		57CF2F9F18E137CC00D96B3F /* libMathC.a in Frameworks */ = {isa = PBXBuildFile; fileRef = 57CF2F9E18E137BC00D96B3F /* libMathC.a */; };
		C201AAC01E5543A200ABC070 /* Camera.cpp in Sources */ = {isa = PBXBuildFile; fileRef = C201AA1A1E5543A100ABC070 /* Camera.cpp */; };
		C201AAC11E5543A200ABC070 /* DirectionalLight.cpp in Sources */ = {isa = PBXBuildFile; fileRef = C201AA1C1E5543A100ABC070 /* DirectionalLight.cpp */; };
		C201AAC21E5543A200ABC070 /* EditableModel.cpp in Sources */ = {isa = PBXBuildFile; fileRef = C201AA1E1E5543A100ABC070 /* EditableModel.cpp */; };
		C201AAC31E5543A200ABC070 /* Graphics.cpp in Sources */ = {isa = PBXBuildFile; fileRef = C201AA201E5543A100ABC070 /* Graphics.cpp */; };
		C201AAC41E5543A200ABC070 /* Light.cpp in Sources */ = {isa = PBXBuildFile; fileRef = C201AA221E5543A100ABC070 /* Light.cpp */; };
		C201AAC51E5543A200ABC070 /* Matrix.cpp in Sources */ = {isa = PBXBuildFile; fileRef = C201AA241E5543A100ABC070 /* Matrix.cpp */; };
		C201AAC61E5543A200ABC070 /* Model.cpp in Sources */ = {isa = PBXBuildFile; fileRef = C201AA261E5543A100ABC070 /* Model.cpp */; };
		C201AAC71E5543A200ABC070 /* NavModel.cpp in Sources */ = {isa = PBXBuildFile; fileRef = C201AA281E5543A100ABC070 /* NavModel.cpp */; };
		C201AAC81E5543A200ABC070 /* PointLight.cpp in Sources */ = {isa = PBXBuildFile; fileRef = C201AA2A1E5543A100ABC070 /* PointLight.cpp */; };
		C201AAC91E5543A200ABC070 /* EditablePNM.cpp in Sources */ = {isa = PBXBuildFile; fileRef = C201AA2F1E5543A100ABC070 /* EditablePNM.cpp */; };
		C201AACA1E5543A200ABC070 /* EditablePNMFactory.cpp in Sources */ = {isa = PBXBuildFile; fileRef = C201AA311E5543A100ABC070 /* EditablePNMFactory.cpp */; };
		C201AACB1E5543A200ABC070 /* NAV.cpp in Sources */ = {isa = PBXBuildFile; fileRef = C201AA331E5543A100ABC070 /* NAV.cpp */; };
		C201AACC1E5543A200ABC070 /* NAVFactory.cpp in Sources */ = {isa = PBXBuildFile; fileRef = C201AA351E5543A100ABC070 /* NAVFactory.cpp */; };
		C201AACD1E5543A200ABC070 /* PNM.cpp in Sources */ = {isa = PBXBuildFile; fileRef = C201AA371E5543A100ABC070 /* PNM.cpp */; };
		C201AACE1E5543A200ABC070 /* PNMFactory.cpp in Sources */ = {isa = PBXBuildFile; fileRef = C201AA391E5543A100ABC070 /* PNMFactory.cpp */; };
		C201AACF1E5543A200ABC070 /* PNT.cpp in Sources */ = {isa = PBXBuildFile; fileRef = C201AA3B1E5543A100ABC070 /* PNT.cpp */; };
		C201AAD01E5543A200ABC070 /* PNTFactory.cpp in Sources */ = {isa = PBXBuildFile; fileRef = C201AA3D1E5543A100ABC070 /* PNTFactory.cpp */; };
		C201AAD11E5543A200ABC070 /* GeometryHelper.cpp in Sources */ = {isa = PBXBuildFile; fileRef = C201AA441E5543A100ABC070 /* GeometryHelper.cpp */; };
		C201AAD21E5543A200ABC070 /* ForwardShadingPassEnvDesc.cpp in Sources */ = {isa = PBXBuildFile; fileRef = C201AA4C1E5543A100ABC070 /* ForwardShadingPassEnvDesc.cpp */; };
		C201AAD31E5543A200ABC070 /* GeometryPassEnvDesc.cpp in Sources */ = {isa = PBXBuildFile; fileRef = C201AA4E1E5543A200ABC070 /* GeometryPassEnvDesc.cpp */; };
		C201AAD41E5543A200ABC070 /* LightIndexingPassesEnvDescs.cpp in Sources */ = {isa = PBXBuildFile; fileRef = C201AA501E5543A200ABC070 /* LightIndexingPassesEnvDescs.cpp */; };
		C201AAD51E5543A200ABC070 /* LightingPassEnvDesc.cpp in Sources */ = {isa = PBXBuildFile; fileRef = C201AA521E5543A200ABC070 /* LightingPassEnvDesc.cpp */; };
		C201AAD61E5543A200ABC070 /* LightVolumePassesEnvDescs.cpp in Sources */ = {isa = PBXBuildFile; fileRef = C201AA541E5543A200ABC070 /* LightVolumePassesEnvDescs.cpp */; };
		C201AAD71E5543A200ABC070 /* Passes.cpp in Sources */ = {isa = PBXBuildFile; fileRef = C201AA561E5543A200ABC070 /* Passes.cpp */; };
		C201AAD81E5543A200ABC070 /* DepthStencilMap.cpp in Sources */ = {isa = PBXBuildFile; fileRef = C201AA591E5543A200ABC070 /* DepthStencilMap.cpp */; };
		C201AAD91E5543A200ABC070 /* GBufs.cpp in Sources */ = {isa = PBXBuildFile; fileRef = C201AA5B1E5543A200ABC070 /* GBufs.cpp */; };
		C201AADA1E5543A200ABC070 /* LightIndexMap.cpp in Sources */ = {isa = PBXBuildFile; fileRef = C201AA5D1E5543A200ABC070 /* LightIndexMap.cpp */; };
		C201AADB1E5543A200ABC070 /* RTs.cpp in Sources */ = {isa = PBXBuildFile; fileRef = C201AA601E5543A200ABC070 /* RTs.cpp */; };
		C201AADC1E5543A200ABC070 /* ZPrePassEnvDesc.cpp in Sources */ = {isa = PBXBuildFile; fileRef = C201AA621E5543A200ABC070 /* ZPrePassEnvDesc.cpp */; };
		C201AADD1E5543A200ABC070 /* Renderer.cpp in Sources */ = {isa = PBXBuildFile; fileRef = C201AA641E5543A200ABC070 /* Renderer.cpp */; };
		C201AADE1E5543A200ABC070 /* LightIndexingTechDesc.cpp in Sources */ = {isa = PBXBuildFile; fileRef = C201AA671E5543A200ABC070 /* LightIndexingTechDesc.cpp */; };
		C201AADF1E5543A200ABC070 /* NavMeshTechDesc.cpp in Sources */ = {isa = PBXBuildFile; fileRef = C201AA691E5543A200ABC070 /* NavMeshTechDesc.cpp */; };
		C201AAE01E5543A200ABC070 /* Common.cpp in Sources */ = {isa = PBXBuildFile; fileRef = C201AA6C1E5543A200ABC070 /* Common.cpp */; };
		C201AAE11E5543A200ABC070 /* LightIndexingPassesPipeStateDescs.cpp in Sources */ = {isa = PBXBuildFile; fileRef = C201AA6E1E5543A200ABC070 /* LightIndexingPassesPipeStateDescs.cpp */; };
		C201AAE21E5543A200ABC070 /* LightingPassPipeStateDesc.cpp in Sources */ = {isa = PBXBuildFile; fileRef = C201AA701E5543A200ABC070 /* LightingPassPipeStateDesc.cpp */; };
		C201AAE31E5543A200ABC070 /* LightVolumePassesPipeStateDescs.cpp in Sources */ = {isa = PBXBuildFile; fileRef = C201AA721E5543A200ABC070 /* LightVolumePassesPipeStateDescs.cpp */; };
		C201AAE41E5543A200ABC070 /* NavMeshShadingPassPipeStateDesc.cpp in Sources */ = {isa = PBXBuildFile; fileRef = C201AA741E5543A200ABC070 /* NavMeshShadingPassPipeStateDesc.cpp */; };
		C201AAE51E5543A200ABC070 /* NavMeshZOnlyPassPipeStateDesc.cpp in Sources */ = {isa = PBXBuildFile; fileRef = C201AA761E5543A200ABC070 /* NavMeshZOnlyPassPipeStateDesc.cpp */; };
		C201AAE61E5543A200ABC070 /* SkinnedMeshGeometryPassPipeStateDesc.cpp in Sources */ = {isa = PBXBuildFile; fileRef = C201AA9D1E5543A200ABC070 /* SkinnedMeshGeometryPassPipeStateDesc.cpp */; };
		C201AAE71E5543A200ABC070 /* SkinnedMeshShadingPassPipeStateDesc.cpp in Sources */ = {isa = PBXBuildFile; fileRef = C201AA9F1E5543A200ABC070 /* SkinnedMeshShadingPassPipeStateDesc.cpp */; };
		C201AAE81E5543A200ABC070 /* SkinnedMeshZOnlyPassPipeStateDesc.cpp in Sources */ = {isa = PBXBuildFile; fileRef = C201AAA11E5543A200ABC070 /* SkinnedMeshZOnlyPassPipeStateDesc.cpp */; };
		C201AAE91E5543A200ABC070 /* StaticMeshGeometryPassPipeStateDesc.cpp in Sources */ = {isa = PBXBuildFile; fileRef = C201AAA31E5543A200ABC070 /* StaticMeshGeometryPassPipeStateDesc.cpp */; };
		C201AAEA1E5543A200ABC070 /* StaticMeshShadingPassPipeStateDesc.cpp in Sources */ = {isa = PBXBuildFile; fileRef = C201AAA51E5543A200ABC070 /* StaticMeshShadingPassPipeStateDesc.cpp */; };
		C201AAEB1E5543A200ABC070 /* StaticMeshZOnlyPassPipeStateDesc.cpp in Sources */ = {isa = PBXBuildFile; fileRef = C201AAA71E5543A200ABC070 /* StaticMeshZOnlyPassPipeStateDesc.cpp */; };
		C201AAEC1E5543A200ABC070 /* PostProcessingTechDesc.cpp in Sources */ = {isa = PBXBuildFile; fileRef = C201AAA91E5543A200ABC070 /* PostProcessingTechDesc.cpp */; };
		C201AAED1E5543A200ABC070 /* SkinnedMeshTechDesc.cpp in Sources */ = {isa = PBXBuildFile; fileRef = C201AAAB1E5543A200ABC070 /* SkinnedMeshTechDesc.cpp */; };
		C201AAEE1E5543A200ABC070 /* StaticMeshTechDesc.cpp in Sources */ = {isa = PBXBuildFile; fileRef = C201AAAD1E5543A200ABC070 /* StaticMeshTechDesc.cpp */; };
		C201AAEF1E5543A200ABC070 /* Techs.cpp in Sources */ = {isa = PBXBuildFile; fileRef = C201AAB01E5543A200ABC070 /* Techs.cpp */; };
		C201AAF01E5543A200ABC070 /* VertexFormat.cpp in Sources */ = {isa = PBXBuildFile; fileRef = C201AAB31E5543A200ABC070 /* VertexFormat.cpp */; };
		C201AAF11E5543A200ABC070 /* Scene.cpp in Sources */ = {isa = PBXBuildFile; fileRef = C201AAB51E5543A200ABC070 /* Scene.cpp */; };
		C201AAF21E5543A200ABC070 /* SceneDirectionalLight.cpp in Sources */ = {isa = PBXBuildFile; fileRef = C201AAB71E5543A200ABC070 /* SceneDirectionalLight.cpp */; };
		C201AAF31E5543A200ABC070 /* SceneEntity.cpp in Sources */ = {isa = PBXBuildFile; fileRef = C201AAB91E5543A200ABC070 /* SceneEntity.cpp */; };
		C201AAF41E5543A200ABC070 /* ScenePointLight.cpp in Sources */ = {isa = PBXBuildFile; fileRef = C201AABB1E5543A200ABC070 /* ScenePointLight.cpp */; };
		C201AAF51E5543A200ABC070 /* SkeletalModel.cpp in Sources */ = {isa = PBXBuildFile; fileRef = C201AABD1E5543A200ABC070 /* SkeletalModel.cpp */; };
		C201AB491E55911600ABC070 /* lightIndexingPassesPS.glsl in Sources */ = {isa = PBXBuildFile; fileRef = C201AA821E5543A200ABC070 /* lightIndexingPassesPS.glsl */; };
		C201AB4A1E55911600ABC070 /* lightIndexingPassesVS.glsl in Sources */ = {isa = PBXBuildFile; fileRef = C201AA831E5543A200ABC070 /* lightIndexingPassesVS.glsl */; };
		C201AB4B1E55911600ABC070 /* lightingPassPS.glsl in Sources */ = {isa = PBXBuildFile; fileRef = C201AA841E5543A200ABC070 /* lightingPassPS.glsl */; };
		C201AB4C1E55911600ABC070 /* lightingPassVS.glsl in Sources */ = {isa = PBXBuildFile; fileRef = C201AA851E5543A200ABC070 /* lightingPassVS.glsl */; };
		C201AB4D1E55911600ABC070 /* lightVolumePassesPS.glsl in Sources */ = {isa = PBXBuildFile; fileRef = C201AA861E5543A200ABC070 /* lightVolumePassesPS.glsl */; };
		C201AB4E1E55911600ABC070 /* lightVolumePassesVS.glsl in Sources */ = {isa = PBXBuildFile; fileRef = C201AA871E5543A200ABC070 /* lightVolumePassesVS.glsl */; };
		C201AB4F1E55911600ABC070 /* navMeshShadingPassPS.glsl in Sources */ = {isa = PBXBuildFile; fileRef = C201AA8A1E5543A200ABC070 /* navMeshShadingPassPS.glsl */; };
		C201AB501E55911600ABC070 /* navMeshShadingPassVS.glsl in Sources */ = {isa = PBXBuildFile; fileRef = C201AA8B1E5543A200ABC070 /* navMeshShadingPassVS.glsl */; };
		C201AB511E55911600ABC070 /* navMeshZOnlyPassPS.glsl in Sources */ = {isa = PBXBuildFile; fileRef = C201AA8C1E5543A200ABC070 /* navMeshZOnlyPassPS.glsl */; };
		C201AB521E55911600ABC070 /* navMeshZOnlyPassVS.glsl in Sources */ = {isa = PBXBuildFile; fileRef = C201AA8D1E5543A200ABC070 /* navMeshZOnlyPassVS.glsl */; };
		C201AB531E55911600ABC070 /* skinnedMeshGeometryPassPS.glsl in Sources */ = {isa = PBXBuildFile; fileRef = C201AA901E5543A200ABC070 /* skinnedMeshGeometryPassPS.glsl */; };
		C201AB541E55911600ABC070 /* skinnedMeshGeometryPassVS.glsl in Sources */ = {isa = PBXBuildFile; fileRef = C201AA911E5543A200ABC070 /* skinnedMeshGeometryPassVS.glsl */; };
		C201AB551E55911600ABC070 /* skinnedMeshShadingPassPS.glsl in Sources */ = {isa = PBXBuildFile; fileRef = C201AA921E5543A200ABC070 /* skinnedMeshShadingPassPS.glsl */; };
		C201AB561E55911600ABC070 /* skinnedMeshShadingPassVS.glsl in Sources */ = {isa = PBXBuildFile; fileRef = C201AA931E5543A200ABC070 /* skinnedMeshShadingPassVS.glsl */; };
		C201AB571E55911600ABC070 /* skinnedMeshZOnlyPassPS.glsl in Sources */ = {isa = PBXBuildFile; fileRef = C201AA941E5543A200ABC070 /* skinnedMeshZOnlyPassPS.glsl */; };
		C201AB581E55911600ABC070 /* skinnedMeshZOnlyPassVS.glsl in Sources */ = {isa = PBXBuildFile; fileRef = C201AA951E5543A200ABC070 /* skinnedMeshZOnlyPassVS.glsl */; };
		C201AB591E55911700ABC070 /* staticMeshGeometryPassPS.glsl in Sources */ = {isa = PBXBuildFile; fileRef = C201AA961E5543A200ABC070 /* staticMeshGeometryPassPS.glsl */; };
		C201AB5A1E55911700ABC070 /* staticMeshGeometryPassVS.glsl in Sources */ = {isa = PBXBuildFile; fileRef = C201AA971E5543A200ABC070 /* staticMeshGeometryPassVS.glsl */; };
		C201AB5B1E55911700ABC070 /* staticMeshShadingPassPS.glsl in Sources */ = {isa = PBXBuildFile; fileRef = C201AA981E5543A200ABC070 /* staticMeshShadingPassPS.glsl */; };
		C201AB5C1E55911700ABC070 /* staticMeshShadingPassVS.glsl in Sources */ = {isa = PBXBuildFile; fileRef = C201AA991E5543A200ABC070 /* staticMeshShadingPassVS.glsl */; };
		C201AB5D1E55911700ABC070 /* staticMeshZOnlyPassPS.glsl in Sources */ = {isa = PBXBuildFile; fileRef = C201AA9A1E5543A200ABC070 /* staticMeshZOnlyPassPS.glsl */; };
		C201AB5E1E55911700ABC070 /* staticMeshZOnlyPassVS.glsl in Sources */ = {isa = PBXBuildFile; fileRef = C201AA9B1E5543A200ABC070 /* staticMeshZOnlyPassVS.glsl */; };
		C21EE1DA1DD88872000B7F1A /* libzlib.a in Frameworks */ = {isa = PBXBuildFile; fileRef = C21EE1CF1DD87524000B7F1A /* libzlib.a */; };
		C272984F1DD892F3003B1E25 /* libminiziplib.a in Frameworks */ = {isa = PBXBuildFile; fileRef = C272984C1DD892E5003B1E25 /* libminiziplib.a */; };
/* End PBXBuildFile section */

/* Begin PBXBuildRule section */
		C20433111CC368BA0083D29E /* PBXBuildRule */ = {
			isa = PBXBuildRule;
			compilerSpec = com.apple.compilers.proxy.script;
			filePatterns = "*.glsl";
			fileType = pattern.proxy;
			isEditable = 1;
			outputFiles = (
				"$(DERIVED_FILE_DIR)/$(INPUT_FILE_BASE).o",
			);
			script = "\"${SRCROOT}/../../Tools/IncludeDirectiveProcessor\" \"${INPUT_FILE_PATH}\" \"${DERIVED_FILE_DIR}/${INPUT_FILE_BASE}.expanded\"\n\"${SRCROOT}/../../Tools/Text2MachO\" \"${DERIVED_FILE_DIR}/${INPUT_FILE_BASE}.expanded\" -s _${INPUT_FILE_BASE} \"${DERIVED_FILE_DIR}/${INPUT_FILE_BASE}.o\"";
		};
/* End PBXBuildRule section */

/* Begin PBXContainerItemProxy section */
		57AAA6D918E1564B000045CF /* PBXContainerItemProxy */ = {
			isa = PBXContainerItemProxy;
			containerPortal = 57AAA6D018E1564B000045CF /* Utilities.xcodeproj */;
			proxyType = 2;
			remoteGlobalIDString = 57EFEB0418DFDFAB005F0C59;
			remoteInfo = Utilities;
		};
		57CF2F7918E12C9300D96B3F /* PBXContainerItemProxy */ = {
			isa = PBXContainerItemProxy;
			containerPortal = 57CF2F7518E12C9300D96B3F /* FileStream.xcodeproj */;
			proxyType = 2;
			remoteGlobalIDString = 57EFEA9618DFD217005F0C59;
			remoteInfo = FileStream;
		};
		57CF2F8118E12D3300D96B3F /* PBXContainerItemProxy */ = {
			isa = PBXContainerItemProxy;
			containerPortal = 57CF2F7D18E12D3300D96B3F /* GL.xcodeproj */;
			proxyType = 2;
			remoteGlobalIDString = 57EFEB5F18DFFB19005F0C59;
			remoteInfo = GL;
		};
		57CF2F8818E12D6C00D96B3F /* PBXContainerItemProxy */ = {
			isa = PBXContainerItemProxy;
			containerPortal = 57CF2F8418E12D6C00D96B3F /* iOS.xcodeproj */;
			proxyType = 2;
			remoteGlobalIDString = 57C688BA18D93612000417D9;
			remoteInfo = iOS;
		};
		57CF2F9D18E137BC00D96B3F /* PBXContainerItemProxy */ = {
			isa = PBXContainerItemProxy;
			containerPortal = 57CF2F9918E137BC00D96B3F /* MathC.xcodeproj */;
			proxyType = 2;
			remoteGlobalIDString = 57EFEACD18DFD3D0005F0C59;
			remoteInfo = MathC;
		};
		C20433051CC368920083D29E /* PBXContainerItemProxy */ = {
			isa = PBXContainerItemProxy;
			containerPortal = C20432FF1CC368920083D29E /* IncludeDirectiveProcessor.xcodeproj */;
			proxyType = 2;
			remoteGlobalIDString = C2A76B301CBF9C3900874E42;
			remoteInfo = IncludeDirectiveProcessor;
		};
		C204330F1CC3689E0083D29E /* PBXContainerItemProxy */ = {
			isa = PBXContainerItemProxy;
			containerPortal = C204330B1CC3689E0083D29E /* Text2MachO.xcodeproj */;
			proxyType = 2;
			remoteGlobalIDString = C2A35CFA1CB66A0700566396;
			remoteInfo = Text2MachO;
		};
		C204332D1CC3690F0083D29E /* PBXContainerItemProxy */ = {
			isa = PBXContainerItemProxy;
			containerPortal = C204330B1CC3689E0083D29E /* Text2MachO.xcodeproj */;
			proxyType = 1;
			remoteGlobalIDString = C2A35CF91CB66A0700566396;
			remoteInfo = Text2MachO;
		};
		C204332F1CC3690F0083D29E /* PBXContainerItemProxy */ = {
			isa = PBXContainerItemProxy;
			containerPortal = C20432FF1CC368920083D29E /* IncludeDirectiveProcessor.xcodeproj */;
			proxyType = 1;
			remoteGlobalIDString = C2A76B2F1CBF9C3900874E42;
			remoteInfo = IncludeDirectiveProcessor;
		};
		C21EE1CE1DD87524000B7F1A /* PBXContainerItemProxy */ = {
			isa = PBXContainerItemProxy;
			containerPortal = C21EE1C51DD87524000B7F1A /* zlib.xcodeproj */;
			proxyType = 2;
			remoteGlobalIDString = C21EE17D1DD8643C000B7F1A;
			remoteInfo = zlib;
		};
		C272984B1DD892E5003B1E25 /* PBXContainerItemProxy */ = {
			isa = PBXContainerItemProxy;
			containerPortal = C27298431DD892E5003B1E25 /* miniziplib.xcodeproj */;
			proxyType = 2;
			remoteGlobalIDString = C27298371DD89286003B1E25;
			remoteInfo = miniziplib;
		};
/* End PBXContainerItemProxy section */

/* Begin PBXCopyFilesBuildPhase section */
		57EFEC1618E01DEB005F0C59 /* CopyFiles */ = {
			isa = PBXCopyFilesBuildPhase;
			buildActionMask = 2147483647;
			dstPath = "include/$(PRODUCT_NAME)";
			dstSubfolderSpec = 16;
			files = (
			);
			runOnlyForDeploymentPostprocessing = 0;
		};
/* End PBXCopyFilesBuildPhase section */

/* Begin PBXFileReference section */
		57AAA6D018E1564B000045CF /* Utilities.xcodeproj */ = {isa = PBXFileReference; lastKnownFileType = "wrapper.pb-project"; name = Utilities.xcodeproj; path = ../Utilities/Utilities.xcodeproj; sourceTree = "<group>"; };
		57CF2F7518E12C9300D96B3F /* FileStream.xcodeproj */ = {isa = PBXFileReference; lastKnownFileType = "wrapper.pb-project"; name = FileStream.xcodeproj; path = ../FileStream/FileStream.xcodeproj; sourceTree = "<group>"; };
		57CF2F7D18E12D3300D96B3F /* GL.xcodeproj */ = {isa = PBXFileReference; lastKnownFileType = "wrapper.pb-project"; name = GL.xcodeproj; path = ../GL/GL.xcodeproj; sourceTree = "<group>"; };
		57CF2F8418E12D6C00D96B3F /* iOS.xcodeproj */ = {isa = PBXFileReference; lastKnownFileType = "wrapper.pb-project"; name = iOS.xcodeproj; path = ../iOS/iOS.xcodeproj; sourceTree = "<group>"; };
		57CF2F9918E137BC00D96B3F /* MathC.xcodeproj */ = {isa = PBXFileReference; lastKnownFileType = "wrapper.pb-project"; name = MathC.xcodeproj; path = ../MathC/MathC.xcodeproj; sourceTree = "<group>"; };
		57EFEC1818E01DEB005F0C59 /* libGraphics.a */ = {isa = PBXFileReference; explicitFileType = archive.ar; includeInIndex = 0; path = libGraphics.a; sourceTree = BUILT_PRODUCTS_DIR; };
		C201AA0E1E55432E00ABC070 /* Camera.h */ = {isa = PBXFileReference; fileEncoding = 4; lastKnownFileType = sourcecode.c.h; name = Camera.h; path = ../../Include/PGN/Graphics/Camera.h; sourceTree = "<group>"; };
		C201AA0F1E55432E00ABC070 /* DirectionalLight.h */ = {isa = PBXFileReference; fileEncoding = 4; lastKnownFileType = sourcecode.c.h; name = DirectionalLight.h; path = ../../Include/PGN/Graphics/DirectionalLight.h; sourceTree = "<group>"; };
		C201AA101E55432E00ABC070 /* EditableModel.h */ = {isa = PBXFileReference; fileEncoding = 4; lastKnownFileType = sourcecode.c.h; name = EditableModel.h; path = ../../Include/PGN/Graphics/EditableModel.h; sourceTree = "<group>"; };
		C201AA111E55432E00ABC070 /* Graphics.h */ = {isa = PBXFileReference; fileEncoding = 4; lastKnownFileType = sourcecode.c.h; name = Graphics.h; path = ../../Include/PGN/Graphics/Graphics.h; sourceTree = "<group>"; };
		C201AA121E55432E00ABC070 /* Model.h */ = {isa = PBXFileReference; fileEncoding = 4; lastKnownFileType = sourcecode.c.h; name = Model.h; path = ../../Include/PGN/Graphics/Model.h; sourceTree = "<group>"; };
		C201AA131E55432E00ABC070 /* NavModel.h */ = {isa = PBXFileReference; fileEncoding = 4; lastKnownFileType = sourcecode.c.h; name = NavModel.h; path = ../../Include/PGN/Graphics/NavModel.h; sourceTree = "<group>"; };
		C201AA141E55432E00ABC070 /* PointLight.h */ = {isa = PBXFileReference; fileEncoding = 4; lastKnownFileType = sourcecode.c.h; name = PointLight.h; path = ../../Include/PGN/Graphics/PointLight.h; sourceTree = "<group>"; };
		C201AA151E55432E00ABC070 /* Scene.h */ = {isa = PBXFileReference; fileEncoding = 4; lastKnownFileType = sourcecode.c.h; name = Scene.h; path = ../../Include/PGN/Graphics/Scene.h; sourceTree = "<group>"; };
		C201AA161E55432E00ABC070 /* SceneDirectionalLight.h */ = {isa = PBXFileReference; fileEncoding = 4; lastKnownFileType = sourcecode.c.h; name = SceneDirectionalLight.h; path = ../../Include/PGN/Graphics/SceneDirectionalLight.h; sourceTree = "<group>"; };
		C201AA171E55432E00ABC070 /* SceneEntity.h */ = {isa = PBXFileReference; fileEncoding = 4; lastKnownFileType = sourcecode.c.h; name = SceneEntity.h; path = ../../Include/PGN/Graphics/SceneEntity.h; sourceTree = "<group>"; };
		C201AA181E55432E00ABC070 /* ScenePointLight.h */ = {isa = PBXFileReference; fileEncoding = 4; lastKnownFileType = sourcecode.c.h; name = ScenePointLight.h; path = ../../Include/PGN/Graphics/ScenePointLight.h; sourceTree = "<group>"; };
		C201AA191E55432E00ABC070 /* SkeletalModel.h */ = {isa = PBXFileReference; fileEncoding = 4; lastKnownFileType = sourcecode.c.h; name = SkeletalModel.h; path = ../../Include/PGN/Graphics/SkeletalModel.h; sourceTree = "<group>"; };
		C201AA1A1E5543A100ABC070 /* Camera.cpp */ = {isa = PBXFileReference; explicitFileType = sourcecode.cpp.objcpp; fileEncoding = 4; path = Camera.cpp; sourceTree = "<group>"; };
		C201AA1B1E5543A100ABC070 /* Camera.h */ = {isa = PBXFileReference; fileEncoding = 4; lastKnownFileType = sourcecode.c.h; path = Camera.h; sourceTree = "<group>"; };
		C201AA1C1E5543A100ABC070 /* DirectionalLight.cpp */ = {isa = PBXFileReference; explicitFileType = sourcecode.cpp.objcpp; fileEncoding = 4; path = DirectionalLight.cpp; sourceTree = "<group>"; };
		C201AA1D1E5543A100ABC070 /* DirectionalLight.h */ = {isa = PBXFileReference; fileEncoding = 4; lastKnownFileType = sourcecode.c.h; path = DirectionalLight.h; sourceTree = "<group>"; };
		C201AA1E1E5543A100ABC070 /* EditableModel.cpp */ = {isa = PBXFileReference; explicitFileType = sourcecode.cpp.objcpp; fileEncoding = 4; path = EditableModel.cpp; sourceTree = "<group>"; };
		C201AA1F1E5543A100ABC070 /* EditableModel.h */ = {isa = PBXFileReference; fileEncoding = 4; lastKnownFileType = sourcecode.c.h; path = EditableModel.h; sourceTree = "<group>"; };
		C201AA201E5543A100ABC070 /* Graphics.cpp */ = {isa = PBXFileReference; explicitFileType = sourcecode.cpp.objcpp; fileEncoding = 4; path = Graphics.cpp; sourceTree = "<group>"; };
		C201AA211E5543A100ABC070 /* Graphics.h */ = {isa = PBXFileReference; fileEncoding = 4; lastKnownFileType = sourcecode.c.h; path = Graphics.h; sourceTree = "<group>"; };
		C201AA221E5543A100ABC070 /* Light.cpp */ = {isa = PBXFileReference; fileEncoding = 4; lastKnownFileType = sourcecode.cpp.cpp; path = Light.cpp; sourceTree = "<group>"; };
		C201AA231E5543A100ABC070 /* Light.h */ = {isa = PBXFileReference; fileEncoding = 4; lastKnownFileType = sourcecode.c.h; path = Light.h; sourceTree = "<group>"; };
		C201AA241E5543A100ABC070 /* Matrix.cpp */ = {isa = PBXFileReference; fileEncoding = 4; lastKnownFileType = sourcecode.cpp.cpp; path = Matrix.cpp; sourceTree = "<group>"; };
		C201AA251E5543A100ABC070 /* Matrix.h */ = {isa = PBXFileReference; fileEncoding = 4; lastKnownFileType = sourcecode.c.h; path = Matrix.h; sourceTree = "<group>"; };
		C201AA261E5543A100ABC070 /* Model.cpp */ = {isa = PBXFileReference; explicitFileType = sourcecode.cpp.objcpp; fileEncoding = 4; path = Model.cpp; sourceTree = "<group>"; };
		C201AA271E5543A100ABC070 /* Model.h */ = {isa = PBXFileReference; fileEncoding = 4; lastKnownFileType = sourcecode.c.h; path = Model.h; sourceTree = "<group>"; };
		C201AA281E5543A100ABC070 /* NavModel.cpp */ = {isa = PBXFileReference; explicitFileType = sourcecode.cpp.objcpp; fileEncoding = 4; path = NavModel.cpp; sourceTree = "<group>"; };
		C201AA291E5543A100ABC070 /* NavModel.h */ = {isa = PBXFileReference; fileEncoding = 4; lastKnownFileType = sourcecode.c.h; path = NavModel.h; sourceTree = "<group>"; };
		C201AA2A1E5543A100ABC070 /* PointLight.cpp */ = {isa = PBXFileReference; explicitFileType = sourcecode.cpp.objcpp; fileEncoding = 4; path = PointLight.cpp; sourceTree = "<group>"; };
		C201AA2B1E5543A100ABC070 /* PointLight.h */ = {isa = PBXFileReference; fileEncoding = 4; lastKnownFileType = sourcecode.c.h; path = PointLight.h; sourceTree = "<group>"; };
		C201AA2E1E5543A100ABC070 /* Asset.h */ = {isa = PBXFileReference; fileEncoding = 4; lastKnownFileType = sourcecode.c.h; path = Asset.h; sourceTree = "<group>"; };
		C201AA2F1E5543A100ABC070 /* EditablePNM.cpp */ = {isa = PBXFileReference; fileEncoding = 4; lastKnownFileType = sourcecode.cpp.cpp; path = EditablePNM.cpp; sourceTree = "<group>"; };
		C201AA301E5543A100ABC070 /* EditablePNM.h */ = {isa = PBXFileReference; fileEncoding = 4; lastKnownFileType = sourcecode.c.h; path = EditablePNM.h; sourceTree = "<group>"; };
		C201AA311E5543A100ABC070 /* EditablePNMFactory.cpp */ = {isa = PBXFileReference; fileEncoding = 4; lastKnownFileType = sourcecode.cpp.cpp; path = EditablePNMFactory.cpp; sourceTree = "<group>"; };
		C201AA321E5543A100ABC070 /* EditablePNMFactory.h */ = {isa = PBXFileReference; fileEncoding = 4; lastKnownFileType = sourcecode.c.h; path = EditablePNMFactory.h; sourceTree = "<group>"; };
		C201AA331E5543A100ABC070 /* NAV.cpp */ = {isa = PBXFileReference; fileEncoding = 4; lastKnownFileType = sourcecode.cpp.cpp; path = NAV.cpp; sourceTree = "<group>"; };
		C201AA341E5543A100ABC070 /* NAV.h */ = {isa = PBXFileReference; fileEncoding = 4; lastKnownFileType = sourcecode.c.h; path = NAV.h; sourceTree = "<group>"; };
		C201AA351E5543A100ABC070 /* NAVFactory.cpp */ = {isa = PBXFileReference; fileEncoding = 4; lastKnownFileType = sourcecode.cpp.cpp; path = NAVFactory.cpp; sourceTree = "<group>"; };
		C201AA361E5543A100ABC070 /* NAVFactory.h */ = {isa = PBXFileReference; fileEncoding = 4; lastKnownFileType = sourcecode.c.h; path = NAVFactory.h; sourceTree = "<group>"; };
		C201AA371E5543A100ABC070 /* PNM.cpp */ = {isa = PBXFileReference; fileEncoding = 4; lastKnownFileType = sourcecode.cpp.cpp; path = PNM.cpp; sourceTree = "<group>"; };
		C201AA381E5543A100ABC070 /* PNM.h */ = {isa = PBXFileReference; fileEncoding = 4; lastKnownFileType = sourcecode.c.h; path = PNM.h; sourceTree = "<group>"; };
		C201AA391E5543A100ABC070 /* PNMFactory.cpp */ = {isa = PBXFileReference; fileEncoding = 4; lastKnownFileType = sourcecode.cpp.cpp; path = PNMFactory.cpp; sourceTree = "<group>"; };
		C201AA3A1E5543A100ABC070 /* PNMFactory.h */ = {isa = PBXFileReference; fileEncoding = 4; lastKnownFileType = sourcecode.c.h; path = PNMFactory.h; sourceTree = "<group>"; };
		C201AA3B1E5543A100ABC070 /* PNT.cpp */ = {isa = PBXFileReference; fileEncoding = 4; lastKnownFileType = sourcecode.cpp.cpp; path = PNT.cpp; sourceTree = "<group>"; };
		C201AA3C1E5543A100ABC070 /* PNT.h */ = {isa = PBXFileReference; fileEncoding = 4; lastKnownFileType = sourcecode.c.h; path = PNT.h; sourceTree = "<group>"; };
		C201AA3D1E5543A100ABC070 /* PNTFactory.cpp */ = {isa = PBXFileReference; fileEncoding = 4; lastKnownFileType = sourcecode.cpp.cpp; path = PNTFactory.cpp; sourceTree = "<group>"; };
		C201AA3E1E5543A100ABC070 /* PNTFactory.h */ = {isa = PBXFileReference; fileEncoding = 4; lastKnownFileType = sourcecode.c.h; path = PNTFactory.h; sourceTree = "<group>"; };
		C201AA3F1E5543A100ABC070 /* Batch.h */ = {isa = PBXFileReference; fileEncoding = 4; lastKnownFileType = sourcecode.c.h; path = Batch.h; sourceTree = "<group>"; };
		C201AA401E5543A100ABC070 /* CBufAllocator.h */ = {isa = PBXFileReference; fileEncoding = 4; lastKnownFileType = sourcecode.c.h; path = CBufAllocator.h; sourceTree = "<group>"; };
		C201AA411E5543A100ABC070 /* CBufRange.h */ = {isa = PBXFileReference; fileEncoding = 4; lastKnownFileType = sourcecode.c.h; path = CBufRange.h; sourceTree = "<group>"; };
		C201AA421E5543A100ABC070 /* EditableGeometry.h */ = {isa = PBXFileReference; fileEncoding = 4; lastKnownFileType = sourcecode.c.h; path = EditableGeometry.h; sourceTree = "<group>"; };
		C201AA431E5543A100ABC070 /* Geometry.h */ = {isa = PBXFileReference; fileEncoding = 4; lastKnownFileType = sourcecode.c.h; path = Geometry.h; sourceTree = "<group>"; };
		C201AA441E5543A100ABC070 /* GeometryHelper.cpp */ = {isa = PBXFileReference; fileEncoding = 4; lastKnownFileType = sourcecode.cpp.cpp; path = GeometryHelper.cpp; sourceTree = "<group>"; };
		C201AA451E5543A100ABC070 /* GeometryHelper.h */ = {isa = PBXFileReference; fileEncoding = 4; lastKnownFileType = sourcecode.c.h; path = GeometryHelper.h; sourceTree = "<group>"; };
		C201AA461E5543A100ABC070 /* Movable.h */ = {isa = PBXFileReference; fileEncoding = 4; lastKnownFileType = sourcecode.c.h; path = Movable.h; sourceTree = "<group>"; };
		C201AA471E5543A100ABC070 /* Movable2D.h */ = {isa = PBXFileReference; fileEncoding = 4; lastKnownFileType = sourcecode.c.h; path = Movable2D.h; sourceTree = "<group>"; };
		C201AA481E5543A100ABC070 /* NavGeometry.h */ = {isa = PBXFileReference; fileEncoding = 4; lastKnownFileType = sourcecode.c.h; path = NavGeometry.h; sourceTree = "<group>"; };
		C201AA4A1E5543A100ABC070 /* EnvConstEnum.h */ = {isa = PBXFileReference; fileEncoding = 4; lastKnownFileType = sourcecode.c.h; path = EnvConstEnum.h; sourceTree = "<group>"; };
		C201AA4B1E5543A100ABC070 /* EnvDesc.h */ = {isa = PBXFileReference; fileEncoding = 4; lastKnownFileType = sourcecode.c.h; path = EnvDesc.h; sourceTree = "<group>"; };
		C201AA4C1E5543A100ABC070 /* ForwardShadingPassEnvDesc.cpp */ = {isa = PBXFileReference; fileEncoding = 4; lastKnownFileType = sourcecode.cpp.cpp; path = ForwardShadingPassEnvDesc.cpp; sourceTree = "<group>"; };
		C201AA4D1E5543A100ABC070 /* ForwardShadingPassEnvDesc.h */ = {isa = PBXFileReference; fileEncoding = 4; lastKnownFileType = sourcecode.c.h; path = ForwardShadingPassEnvDesc.h; sourceTree = "<group>"; };
		C201AA4E1E5543A200ABC070 /* GeometryPassEnvDesc.cpp */ = {isa = PBXFileReference; fileEncoding = 4; lastKnownFileType = sourcecode.cpp.cpp; path = GeometryPassEnvDesc.cpp; sourceTree = "<group>"; };
		C201AA4F1E5543A200ABC070 /* GeometryPassEnvDesc.h */ = {isa = PBXFileReference; fileEncoding = 4; lastKnownFileType = sourcecode.c.h; path = GeometryPassEnvDesc.h; sourceTree = "<group>"; };
		C201AA501E5543A200ABC070 /* LightIndexingPassesEnvDescs.cpp */ = {isa = PBXFileReference; fileEncoding = 4; lastKnownFileType = sourcecode.cpp.cpp; path = LightIndexingPassesEnvDescs.cpp; sourceTree = "<group>"; };
		C201AA511E5543A200ABC070 /* LightIndexingPassesEnvDescs.h */ = {isa = PBXFileReference; fileEncoding = 4; lastKnownFileType = sourcecode.c.h; path = LightIndexingPassesEnvDescs.h; sourceTree = "<group>"; };
		C201AA521E5543A200ABC070 /* LightingPassEnvDesc.cpp */ = {isa = PBXFileReference; fileEncoding = 4; lastKnownFileType = sourcecode.cpp.cpp; path = LightingPassEnvDesc.cpp; sourceTree = "<group>"; };
		C201AA531E5543A200ABC070 /* LightingPassEnvDesc.h */ = {isa = PBXFileReference; fileEncoding = 4; lastKnownFileType = sourcecode.c.h; path = LightingPassEnvDesc.h; sourceTree = "<group>"; };
		C201AA541E5543A200ABC070 /* LightVolumePassesEnvDescs.cpp */ = {isa = PBXFileReference; fileEncoding = 4; lastKnownFileType = sourcecode.cpp.cpp; path = LightVolumePassesEnvDescs.cpp; sourceTree = "<group>"; };
		C201AA551E5543A200ABC070 /* LightVolumePassesEnvDescs.h */ = {isa = PBXFileReference; fileEncoding = 4; lastKnownFileType = sourcecode.c.h; path = LightVolumePassesEnvDescs.h; sourceTree = "<group>"; };
		C201AA561E5543A200ABC070 /* Passes.cpp */ = {isa = PBXFileReference; fileEncoding = 4; lastKnownFileType = sourcecode.cpp.cpp; path = Passes.cpp; sourceTree = "<group>"; };
		C201AA571E5543A200ABC070 /* Passes.h */ = {isa = PBXFileReference; fileEncoding = 4; lastKnownFileType = sourcecode.c.h; path = Passes.h; sourceTree = "<group>"; };
		C201AA591E5543A200ABC070 /* DepthStencilMap.cpp */ = {isa = PBXFileReference; fileEncoding = 4; lastKnownFileType = sourcecode.cpp.cpp; path = DepthStencilMap.cpp; sourceTree = "<group>"; };
		C201AA5A1E5543A200ABC070 /* DepthStencilMap.h */ = {isa = PBXFileReference; fileEncoding = 4; lastKnownFileType = sourcecode.c.h; path = DepthStencilMap.h; sourceTree = "<group>"; };
		C201AA5B1E5543A200ABC070 /* GBufs.cpp */ = {isa = PBXFileReference; fileEncoding = 4; lastKnownFileType = sourcecode.cpp.cpp; path = GBufs.cpp; sourceTree = "<group>"; };
		C201AA5C1E5543A200ABC070 /* GBufs.h */ = {isa = PBXFileReference; fileEncoding = 4; lastKnownFileType = sourcecode.c.h; path = GBufs.h; sourceTree = "<group>"; };
		C201AA5D1E5543A200ABC070 /* LightIndexMap.cpp */ = {isa = PBXFileReference; fileEncoding = 4; lastKnownFileType = sourcecode.cpp.cpp; path = LightIndexMap.cpp; sourceTree = "<group>"; };
		C201AA5E1E5543A200ABC070 /* LightIndexMap.h */ = {isa = PBXFileReference; fileEncoding = 4; lastKnownFileType = sourcecode.c.h; path = LightIndexMap.h; sourceTree = "<group>"; };
		C201AA5F1E5543A200ABC070 /* ResourceViewDesc.h */ = {isa = PBXFileReference; fileEncoding = 4; lastKnownFileType = sourcecode.c.h; path = ResourceViewDesc.h; sourceTree = "<group>"; };
		C201AA601E5543A200ABC070 /* RTs.cpp */ = {isa = PBXFileReference; fileEncoding = 4; lastKnownFileType = sourcecode.cpp.cpp; path = RTs.cpp; sourceTree = "<group>"; };
		C201AA611E5543A200ABC070 /* RTs.h */ = {isa = PBXFileReference; fileEncoding = 4; lastKnownFileType = sourcecode.c.h; path = RTs.h; sourceTree = "<group>"; };
		C201AA621E5543A200ABC070 /* ZPrePassEnvDesc.cpp */ = {isa = PBXFileReference; fileEncoding = 4; lastKnownFileType = sourcecode.cpp.cpp; path = ZPrePassEnvDesc.cpp; sourceTree = "<group>"; };
		C201AA631E5543A200ABC070 /* ZPrePassEnvDesc.h */ = {isa = PBXFileReference; fileEncoding = 4; lastKnownFileType = sourcecode.c.h; path = ZPrePassEnvDesc.h; sourceTree = "<group>"; };
		C201AA641E5543A200ABC070 /* Renderer.cpp */ = {isa = PBXFileReference; explicitFileType = sourcecode.cpp.objcpp; fileEncoding = 4; path = Renderer.cpp; sourceTree = "<group>"; };
		C201AA651E5543A200ABC070 /* Renderer.h */ = {isa = PBXFileReference; fileEncoding = 4; lastKnownFileType = sourcecode.c.h; path = Renderer.h; sourceTree = "<group>"; };
		C201AA671E5543A200ABC070 /* LightIndexingTechDesc.cpp */ = {isa = PBXFileReference; fileEncoding = 4; lastKnownFileType = sourcecode.cpp.cpp; path = LightIndexingTechDesc.cpp; sourceTree = "<group>"; };
		C201AA681E5543A200ABC070 /* LightIndexingTechDesc.h */ = {isa = PBXFileReference; fileEncoding = 4; lastKnownFileType = sourcecode.c.h; path = LightIndexingTechDesc.h; sourceTree = "<group>"; };
		C201AA691E5543A200ABC070 /* NavMeshTechDesc.cpp */ = {isa = PBXFileReference; fileEncoding = 4; lastKnownFileType = sourcecode.cpp.cpp; path = NavMeshTechDesc.cpp; sourceTree = "<group>"; };
		C201AA6A1E5543A200ABC070 /* NavMeshTechDesc.h */ = {isa = PBXFileReference; fileEncoding = 4; lastKnownFileType = sourcecode.c.h; path = NavMeshTechDesc.h; sourceTree = "<group>"; };
		C201AA6C1E5543A200ABC070 /* Common.cpp */ = {isa = PBXFileReference; fileEncoding = 4; lastKnownFileType = sourcecode.cpp.cpp; path = Common.cpp; sourceTree = "<group>"; };
		C201AA6D1E5543A200ABC070 /* Common.h */ = {isa = PBXFileReference; fileEncoding = 4; lastKnownFileType = sourcecode.c.h; path = Common.h; sourceTree = "<group>"; };
		C201AA6E1E5543A200ABC070 /* LightIndexingPassesPipeStateDescs.cpp */ = {isa = PBXFileReference; fileEncoding = 4; lastKnownFileType = sourcecode.cpp.cpp; path = LightIndexingPassesPipeStateDescs.cpp; sourceTree = "<group>"; };
		C201AA6F1E5543A200ABC070 /* LightIndexingPassesPipeStateDescs.h */ = {isa = PBXFileReference; fileEncoding = 4; lastKnownFileType = sourcecode.c.h; path = LightIndexingPassesPipeStateDescs.h; sourceTree = "<group>"; };
		C201AA701E5543A200ABC070 /* LightingPassPipeStateDesc.cpp */ = {isa = PBXFileReference; fileEncoding = 4; lastKnownFileType = sourcecode.cpp.cpp; path = LightingPassPipeStateDesc.cpp; sourceTree = "<group>"; };
		C201AA711E5543A200ABC070 /* LightingPassPipeStateDesc.h */ = {isa = PBXFileReference; fileEncoding = 4; lastKnownFileType = sourcecode.c.h; path = LightingPassPipeStateDesc.h; sourceTree = "<group>"; };
		C201AA721E5543A200ABC070 /* LightVolumePassesPipeStateDescs.cpp */ = {isa = PBXFileReference; fileEncoding = 4; lastKnownFileType = sourcecode.cpp.cpp; path = LightVolumePassesPipeStateDescs.cpp; sourceTree = "<group>"; };
		C201AA731E5543A200ABC070 /* LightVolumePassesPipeStateDescs.h */ = {isa = PBXFileReference; fileEncoding = 4; lastKnownFileType = sourcecode.c.h; path = LightVolumePassesPipeStateDescs.h; sourceTree = "<group>"; };
		C201AA741E5543A200ABC070 /* NavMeshShadingPassPipeStateDesc.cpp */ = {isa = PBXFileReference; fileEncoding = 4; lastKnownFileType = sourcecode.cpp.cpp; path = NavMeshShadingPassPipeStateDesc.cpp; sourceTree = "<group>"; };
		C201AA751E5543A200ABC070 /* NavMeshShadingPassPipeStateDesc.h */ = {isa = PBXFileReference; fileEncoding = 4; lastKnownFileType = sourcecode.c.h; path = NavMeshShadingPassPipeStateDesc.h; sourceTree = "<group>"; };
		C201AA761E5543A200ABC070 /* NavMeshZOnlyPassPipeStateDesc.cpp */ = {isa = PBXFileReference; fileEncoding = 4; lastKnownFileType = sourcecode.cpp.cpp; path = NavMeshZOnlyPassPipeStateDesc.cpp; sourceTree = "<group>"; };
		C201AA771E5543A200ABC070 /* NavMeshZOnlyPassPipeStateDesc.h */ = {isa = PBXFileReference; fileEncoding = 4; lastKnownFileType = sourcecode.c.h; path = NavMeshZOnlyPassPipeStateDesc.h; sourceTree = "<group>"; };
		C201AA781E5543A200ABC070 /* PipeStateDesc.h */ = {isa = PBXFileReference; fileEncoding = 4; lastKnownFileType = sourcecode.c.h; path = PipeStateDesc.h; sourceTree = "<group>"; };
		C201AA7A1E5543A200ABC070 /* BoneMatBlock.h */ = {isa = PBXFileReference; fileEncoding = 4; lastKnownFileType = sourcecode.c.h; path = BoneMatBlock.h; sourceTree = "<group>"; };
		C201AA7B1E5543A200ABC070 /* CommonPS.h */ = {isa = PBXFileReference; fileEncoding = 4; lastKnownFileType = sourcecode.c.h; path = CommonPS.h; sourceTree = "<group>"; };
		C201AA7C1E5543A200ABC070 /* CommonVS2D.h */ = {isa = PBXFileReference; fileEncoding = 4; lastKnownFileType = sourcecode.c.h; path = CommonVS2D.h; sourceTree = "<group>"; };
		C201AA7D1E5543A200ABC070 /* CommonVS3D.h */ = {isa = PBXFileReference; fileEncoding = 4; lastKnownFileType = sourcecode.c.h; path = CommonVS3D.h; sourceTree = "<group>"; };
		C201AA7E1E5543A200ABC070 /* CommonVS3DInput.h */ = {isa = PBXFileReference; fileEncoding = 4; lastKnownFileType = sourcecode.c.h; path = CommonVS3DInput.h; sourceTree = "<group>"; };
		C201AA7F1E5543A200ABC070 /* CommonVSOutput.h */ = {isa = PBXFileReference; fileEncoding = 4; lastKnownFileType = sourcecode.c.h; path = CommonVSOutput.h; sourceTree = "<group>"; };
		C201AA801E5543A200ABC070 /* DirectionalLight.h */ = {isa = PBXFileReference; fileEncoding = 4; lastKnownFileType = sourcecode.c.h; path = DirectionalLight.h; sourceTree = "<group>"; };
		C201AA811E5543A200ABC070 /* ForwardShadingPassEnvCBlock.h */ = {isa = PBXFileReference; fileEncoding = 4; lastKnownFileType = sourcecode.c.h; path = ForwardShadingPassEnvCBlock.h; sourceTree = "<group>"; };
		C201AA821E5543A200ABC070 /* lightIndexingPassesPS.glsl */ = {isa = PBXFileReference; fileEncoding = 4; lastKnownFileType = text; path = lightIndexingPassesPS.glsl; sourceTree = "<group>"; };
		C201AA831E5543A200ABC070 /* lightIndexingPassesVS.glsl */ = {isa = PBXFileReference; fileEncoding = 4; lastKnownFileType = text; path = lightIndexingPassesVS.glsl; sourceTree = "<group>"; };
		C201AA841E5543A200ABC070 /* lightingPassPS.glsl */ = {isa = PBXFileReference; fileEncoding = 4; lastKnownFileType = text; path = lightingPassPS.glsl; sourceTree = "<group>"; };
		C201AA851E5543A200ABC070 /* lightingPassVS.glsl */ = {isa = PBXFileReference; fileEncoding = 4; lastKnownFileType = text; path = lightingPassVS.glsl; sourceTree = "<group>"; };
		C201AA861E5543A200ABC070 /* lightVolumePassesPS.glsl */ = {isa = PBXFileReference; fileEncoding = 4; lastKnownFileType = text; path = lightVolumePassesPS.glsl; sourceTree = "<group>"; };
		C201AA871E5543A200ABC070 /* lightVolumePassesVS.glsl */ = {isa = PBXFileReference; fileEncoding = 4; lastKnownFileType = text; path = lightVolumePassesVS.glsl; sourceTree = "<group>"; };
		C201AA881E5543A200ABC070 /* MaterialBlock.h */ = {isa = PBXFileReference; fileEncoding = 4; lastKnownFileType = sourcecode.c.h; path = MaterialBlock.h; sourceTree = "<group>"; };
		C201AA891E5543A200ABC070 /* MovableBlock.h */ = {isa = PBXFileReference; fileEncoding = 4; lastKnownFileType = sourcecode.c.h; path = MovableBlock.h; sourceTree = "<group>"; };
		C201AA8A1E5543A200ABC070 /* navMeshShadingPassPS.glsl */ = {isa = PBXFileReference; fileEncoding = 4; lastKnownFileType = text; path = navMeshShadingPassPS.glsl; sourceTree = "<group>"; };
		C201AA8B1E5543A200ABC070 /* navMeshShadingPassVS.glsl */ = {isa = PBXFileReference; fileEncoding = 4; lastKnownFileType = text; path = navMeshShadingPassVS.glsl; sourceTree = "<group>"; };
		C201AA8C1E5543A200ABC070 /* navMeshZOnlyPassPS.glsl */ = {isa = PBXFileReference; fileEncoding = 4; lastKnownFileType = text; path = navMeshZOnlyPassPS.glsl; sourceTree = "<group>"; };
		C201AA8D1E5543A200ABC070 /* navMeshZOnlyPassVS.glsl */ = {isa = PBXFileReference; fileEncoding = 4; lastKnownFileType = text; path = navMeshZOnlyPassVS.glsl; sourceTree = "<group>"; };
		C201AA8E1E5543A200ABC070 /* PointLight.h */ = {isa = PBXFileReference; fileEncoding = 4; lastKnownFileType = sourcecode.c.h; path = PointLight.h; sourceTree = "<group>"; };
		C201AA8F1E5543A200ABC070 /* PointLightVolumnInstanceCBlock.h */ = {isa = PBXFileReference; fileEncoding = 4; lastKnownFileType = sourcecode.c.h; path = PointLightVolumnInstanceCBlock.h; sourceTree = "<group>"; };
		C201AA901E5543A200ABC070 /* skinnedMeshGeometryPassPS.glsl */ = {isa = PBXFileReference; fileEncoding = 4; lastKnownFileType = text; path = skinnedMeshGeometryPassPS.glsl; sourceTree = "<group>"; };
		C201AA911E5543A200ABC070 /* skinnedMeshGeometryPassVS.glsl */ = {isa = PBXFileReference; fileEncoding = 4; lastKnownFileType = text; path = skinnedMeshGeometryPassVS.glsl; sourceTree = "<group>"; };
		C201AA921E5543A200ABC070 /* skinnedMeshShadingPassPS.glsl */ = {isa = PBXFileReference; fileEncoding = 4; lastKnownFileType = text; path = skinnedMeshShadingPassPS.glsl; sourceTree = "<group>"; };
		C201AA931E5543A200ABC070 /* skinnedMeshShadingPassVS.glsl */ = {isa = PBXFileReference; fileEncoding = 4; lastKnownFileType = text; path = skinnedMeshShadingPassVS.glsl; sourceTree = "<group>"; };
		C201AA941E5543A200ABC070 /* skinnedMeshZOnlyPassPS.glsl */ = {isa = PBXFileReference; fileEncoding = 4; lastKnownFileType = text; path = skinnedMeshZOnlyPassPS.glsl; sourceTree = "<group>"; };
		C201AA951E5543A200ABC070 /* skinnedMeshZOnlyPassVS.glsl */ = {isa = PBXFileReference; fileEncoding = 4; lastKnownFileType = text; path = skinnedMeshZOnlyPassVS.glsl; sourceTree = "<group>"; };
		C201AA961E5543A200ABC070 /* staticMeshGeometryPassPS.glsl */ = {isa = PBXFileReference; fileEncoding = 4; lastKnownFileType = text; path = staticMeshGeometryPassPS.glsl; sourceTree = "<group>"; };
		C201AA971E5543A200ABC070 /* staticMeshGeometryPassVS.glsl */ = {isa = PBXFileReference; fileEncoding = 4; lastKnownFileType = text; path = staticMeshGeometryPassVS.glsl; sourceTree = "<group>"; };
		C201AA981E5543A200ABC070 /* staticMeshShadingPassPS.glsl */ = {isa = PBXFileReference; fileEncoding = 4; lastKnownFileType = text; path = staticMeshShadingPassPS.glsl; sourceTree = "<group>"; };
		C201AA991E5543A200ABC070 /* staticMeshShadingPassVS.glsl */ = {isa = PBXFileReference; fileEncoding = 4; lastKnownFileType = text; path = staticMeshShadingPassVS.glsl; sourceTree = "<group>"; };
		C201AA9A1E5543A200ABC070 /* staticMeshZOnlyPassPS.glsl */ = {isa = PBXFileReference; fileEncoding = 4; lastKnownFileType = text; path = staticMeshZOnlyPassPS.glsl; sourceTree = "<group>"; };
		C201AA9B1E5543A200ABC070 /* staticMeshZOnlyPassVS.glsl */ = {isa = PBXFileReference; fileEncoding = 4; lastKnownFileType = text; path = staticMeshZOnlyPassVS.glsl; sourceTree = "<group>"; };
		C201AA9C1E5543A200ABC070 /* ZOnlyPassEnvCBlock.h */ = {isa = PBXFileReference; fileEncoding = 4; lastKnownFileType = sourcecode.c.h; path = ZOnlyPassEnvCBlock.h; sourceTree = "<group>"; };
		C201AA9D1E5543A200ABC070 /* SkinnedMeshGeometryPassPipeStateDesc.cpp */ = {isa = PBXFileReference; fileEncoding = 4; lastKnownFileType = sourcecode.cpp.cpp; path = SkinnedMeshGeometryPassPipeStateDesc.cpp; sourceTree = "<group>"; };
		C201AA9E1E5543A200ABC070 /* SkinnedMeshGeometryPassPipeStateDesc.h */ = {isa = PBXFileReference; fileEncoding = 4; lastKnownFileType = sourcecode.c.h; path = SkinnedMeshGeometryPassPipeStateDesc.h; sourceTree = "<group>"; };
		C201AA9F1E5543A200ABC070 /* SkinnedMeshShadingPassPipeStateDesc.cpp */ = {isa = PBXFileReference; fileEncoding = 4; lastKnownFileType = sourcecode.cpp.cpp; path = SkinnedMeshShadingPassPipeStateDesc.cpp; sourceTree = "<group>"; };
		C201AAA01E5543A200ABC070 /* SkinnedMeshShadingPassPipeStateDesc.h */ = {isa = PBXFileReference; fileEncoding = 4; lastKnownFileType = sourcecode.c.h; path = SkinnedMeshShadingPassPipeStateDesc.h; sourceTree = "<group>"; };
		C201AAA11E5543A200ABC070 /* SkinnedMeshZOnlyPassPipeStateDesc.cpp */ = {isa = PBXFileReference; fileEncoding = 4; lastKnownFileType = sourcecode.cpp.cpp; path = SkinnedMeshZOnlyPassPipeStateDesc.cpp; sourceTree = "<group>"; };
		C201AAA21E5543A200ABC070 /* SkinnedMeshZOnlyPassPipeStateDesc.h */ = {isa = PBXFileReference; fileEncoding = 4; lastKnownFileType = sourcecode.c.h; path = SkinnedMeshZOnlyPassPipeStateDesc.h; sourceTree = "<group>"; };
		C201AAA31E5543A200ABC070 /* StaticMeshGeometryPassPipeStateDesc.cpp */ = {isa = PBXFileReference; fileEncoding = 4; lastKnownFileType = sourcecode.cpp.cpp; path = StaticMeshGeometryPassPipeStateDesc.cpp; sourceTree = "<group>"; };
		C201AAA41E5543A200ABC070 /* StaticMeshGeometryPassPipeStateDesc.h */ = {isa = PBXFileReference; fileEncoding = 4; lastKnownFileType = sourcecode.c.h; path = StaticMeshGeometryPassPipeStateDesc.h; sourceTree = "<group>"; };
		C201AAA51E5543A200ABC070 /* StaticMeshShadingPassPipeStateDesc.cpp */ = {isa = PBXFileReference; fileEncoding = 4; lastKnownFileType = sourcecode.cpp.cpp; path = StaticMeshShadingPassPipeStateDesc.cpp; sourceTree = "<group>"; };
		C201AAA61E5543A200ABC070 /* StaticMeshShadingPassPipeStateDesc.h */ = {isa = PBXFileReference; fileEncoding = 4; lastKnownFileType = sourcecode.c.h; path = StaticMeshShadingPassPipeStateDesc.h; sourceTree = "<group>"; };
		C201AAA71E5543A200ABC070 /* StaticMeshZOnlyPassPipeStateDesc.cpp */ = {isa = PBXFileReference; fileEncoding = 4; lastKnownFileType = sourcecode.cpp.cpp; path = StaticMeshZOnlyPassPipeStateDesc.cpp; sourceTree = "<group>"; };
		C201AAA81E5543A200ABC070 /* StaticMeshZOnlyPassPipeStateDesc.h */ = {isa = PBXFileReference; fileEncoding = 4; lastKnownFileType = sourcecode.c.h; path = StaticMeshZOnlyPassPipeStateDesc.h; sourceTree = "<group>"; };
		C201AAA91E5543A200ABC070 /* PostProcessingTechDesc.cpp */ = {isa = PBXFileReference; fileEncoding = 4; lastKnownFileType = sourcecode.cpp.cpp; path = PostProcessingTechDesc.cpp; sourceTree = "<group>"; };
		C201AAAA1E5543A200ABC070 /* PostProcessingTechDesc.h */ = {isa = PBXFileReference; fileEncoding = 4; lastKnownFileType = sourcecode.c.h; path = PostProcessingTechDesc.h; sourceTree = "<group>"; };
		C201AAAB1E5543A200ABC070 /* SkinnedMeshTechDesc.cpp */ = {isa = PBXFileReference; fileEncoding = 4; lastKnownFileType = sourcecode.cpp.cpp; path = SkinnedMeshTechDesc.cpp; sourceTree = "<group>"; };
		C201AAAC1E5543A200ABC070 /* SkinnedMeshTechDesc.h */ = {isa = PBXFileReference; fileEncoding = 4; lastKnownFileType = sourcecode.c.h; path = SkinnedMeshTechDesc.h; sourceTree = "<group>"; };
		C201AAAD1E5543A200ABC070 /* StaticMeshTechDesc.cpp */ = {isa = PBXFileReference; fileEncoding = 4; lastKnownFileType = sourcecode.cpp.cpp; path = StaticMeshTechDesc.cpp; sourceTree = "<group>"; };
		C201AAAE1E5543A200ABC070 /* StaticMeshTechDesc.h */ = {isa = PBXFileReference; fileEncoding = 4; lastKnownFileType = sourcecode.c.h; path = StaticMeshTechDesc.h; sourceTree = "<group>"; };
		C201AAAF1E5543A200ABC070 /* TechDesc.h */ = {isa = PBXFileReference; fileEncoding = 4; lastKnownFileType = sourcecode.c.h; path = TechDesc.h; sourceTree = "<group>"; };
		C201AAB01E5543A200ABC070 /* Techs.cpp */ = {isa = PBXFileReference; fileEncoding = 4; lastKnownFileType = sourcecode.cpp.cpp; path = Techs.cpp; sourceTree = "<group>"; };
		C201AAB11E5543A200ABC070 /* Techs.h */ = {isa = PBXFileReference; fileEncoding = 4; lastKnownFileType = sourcecode.c.h; path = Techs.h; sourceTree = "<group>"; };
		C201AAB21E5543A200ABC070 /* TextureInfo.h */ = {isa = PBXFileReference; fileEncoding = 4; lastKnownFileType = sourcecode.c.h; path = TextureInfo.h; sourceTree = "<group>"; };
		C201AAB31E5543A200ABC070 /* VertexFormat.cpp */ = {isa = PBXFileReference; fileEncoding = 4; lastKnownFileType = sourcecode.cpp.cpp; path = VertexFormat.cpp; sourceTree = "<group>"; };
		C201AAB41E5543A200ABC070 /* VertexFormat.h */ = {isa = PBXFileReference; fileEncoding = 4; lastKnownFileType = sourcecode.c.h; path = VertexFormat.h; sourceTree = "<group>"; };
		C201AAB51E5543A200ABC070 /* Scene.cpp */ = {isa = PBXFileReference; explicitFileType = sourcecode.cpp.objcpp; fileEncoding = 4; path = Scene.cpp; sourceTree = "<group>"; };
		C201AAB61E5543A200ABC070 /* Scene.h */ = {isa = PBXFileReference; fileEncoding = 4; lastKnownFileType = sourcecode.c.h; path = Scene.h; sourceTree = "<group>"; };
		C201AAB71E5543A200ABC070 /* SceneDirectionalLight.cpp */ = {isa = PBXFileReference; fileEncoding = 4; lastKnownFileType = sourcecode.cpp.cpp; path = SceneDirectionalLight.cpp; sourceTree = "<group>"; };
		C201AAB81E5543A200ABC070 /* SceneDirectionalLight.h */ = {isa = PBXFileReference; fileEncoding = 4; lastKnownFileType = sourcecode.c.h; path = SceneDirectionalLight.h; sourceTree = "<group>"; };
		C201AAB91E5543A200ABC070 /* SceneEntity.cpp */ = {isa = PBXFileReference; fileEncoding = 4; lastKnownFileType = sourcecode.cpp.cpp; path = SceneEntity.cpp; sourceTree = "<group>"; };
		C201AABA1E5543A200ABC070 /* SceneEntity.h */ = {isa = PBXFileReference; fileEncoding = 4; lastKnownFileType = sourcecode.c.h; path = SceneEntity.h; sourceTree = "<group>"; };
		C201AABB1E5543A200ABC070 /* ScenePointLight.cpp */ = {isa = PBXFileReference; fileEncoding = 4; lastKnownFileType = sourcecode.cpp.cpp; path = ScenePointLight.cpp; sourceTree = "<group>"; };
		C201AABC1E5543A200ABC070 /* ScenePointLight.h */ = {isa = PBXFileReference; fileEncoding = 4; lastKnownFileType = sourcecode.c.h; path = ScenePointLight.h; sourceTree = "<group>"; };
		C201AABD1E5543A200ABC070 /* SkeletalModel.cpp */ = {isa = PBXFileReference; explicitFileType = sourcecode.cpp.objcpp; fileEncoding = 4; path = SkeletalModel.cpp; sourceTree = "<group>"; };
		C201AABE1E5543A200ABC070 /* SkeletalModel.h */ = {isa = PBXFileReference; fileEncoding = 4; lastKnownFileType = sourcecode.c.h; path = SkeletalModel.h; sourceTree = "<group>"; };
		C201AABF1E5543A200ABC070 /* Viewport.h */ = {isa = PBXFileReference; fileEncoding = 4; lastKnownFileType = sourcecode.c.h; path = Viewport.h; sourceTree = "<group>"; };
		C20432FF1CC368920083D29E /* IncludeDirectiveProcessor.xcodeproj */ = {isa = PBXFileReference; lastKnownFileType = "wrapper.pb-project"; name = IncludeDirectiveProcessor.xcodeproj; path = ../IncludeDirectiveProcessor/IncludeDirectiveProcessor.xcodeproj; sourceTree = "<group>"; };
		C204330B1CC3689E0083D29E /* Text2MachO.xcodeproj */ = {isa = PBXFileReference; lastKnownFileType = "wrapper.pb-project"; name = Text2MachO.xcodeproj; path = ../Text2MachO/Text2MachO.xcodeproj; sourceTree = "<group>"; };
		C21EE1C51DD87524000B7F1A /* zlib.xcodeproj */ = {isa = PBXFileReference; lastKnownFileType = "wrapper.pb-project"; name = zlib.xcodeproj; path = ../../Extern/Source/zlib/zlib.xcodeproj; sourceTree = "<group>"; };
		C27298431DD892E5003B1E25 /* miniziplib.xcodeproj */ = {isa = PBXFileReference; lastKnownFileType = "wrapper.pb-project"; name = miniziplib.xcodeproj; path = ../../Extern/Source/miniziplib/miniziplib.xcodeproj; sourceTree = "<group>"; };
/* End PBXFileReference section */

/* Begin PBXFrameworksBuildPhase section */
		57EFEC1518E01DEB005F0C59 /* Frameworks */ = {
			isa = PBXFrameworksBuildPhase;
			buildActionMask = 2147483647;
			files = (
				C272984F1DD892F3003B1E25 /* libminiziplib.a in Frameworks */,
				C21EE1DA1DD88872000B7F1A /* libzlib.a in Frameworks */,
				57AAA6DB18E15669000045CF /* libUtilities.a in Frameworks */,
				57CF2F9F18E137CC00D96B3F /* libMathC.a in Frameworks */,
				57CF2F8A18E12D7400D96B3F /* libiOS.a in Frameworks */,
				57CF2F8318E12D3D00D96B3F /* libGL.a in Frameworks */,
				57CF2F7B18E12CAA00D96B3F /* libFileStream.a in Frameworks */,
			);
			runOnlyForDeploymentPostprocessing = 0;
		};
/* End PBXFrameworksBuildPhase section */

/* Begin PBXGroup section */
		57AAA6D118E1564B000045CF /* Products */ = {
			isa = PBXGroup;
			children = (
				57AAA6DA18E1564B000045CF /* libUtilities.a */,
			);
			name = Products;
			sourceTree = "<group>";
		};
		57CF2F7618E12C9300D96B3F /* Products */ = {
			isa = PBXGroup;
			children = (
				57CF2F7A18E12C9300D96B3F /* libFileStream.a */,
			);
			name = Products;
			sourceTree = "<group>";
		};
		57CF2F7C18E12D1B00D96B3F /* Dependencies */ = {
			isa = PBXGroup;
			children = (
				C27298431DD892E5003B1E25 /* miniziplib.xcodeproj */,
				C21EE1C51DD87524000B7F1A /* zlib.xcodeproj */,
				C204330B1CC3689E0083D29E /* Text2MachO.xcodeproj */,
				C20432FF1CC368920083D29E /* IncludeDirectiveProcessor.xcodeproj */,
				57AAA6D018E1564B000045CF /* Utilities.xcodeproj */,
				57CF2F9918E137BC00D96B3F /* MathC.xcodeproj */,
				57CF2F8418E12D6C00D96B3F /* iOS.xcodeproj */,
				57CF2F7D18E12D3300D96B3F /* GL.xcodeproj */,
				57CF2F7518E12C9300D96B3F /* FileStream.xcodeproj */,
			);
			name = Dependencies;
			sourceTree = "<group>";
		};
		57CF2F7E18E12D3300D96B3F /* Products */ = {
			isa = PBXGroup;
			children = (
				57CF2F8218E12D3300D96B3F /* libGL.a */,
			);
			name = Products;
			sourceTree = "<group>";
		};
		57CF2F8518E12D6C00D96B3F /* Products */ = {
			isa = PBXGroup;
			children = (
				57CF2F8918E12D6C00D96B3F /* libiOS.a */,
			);
			name = Products;
			sourceTree = "<group>";
		};
		57CF2F9A18E137BC00D96B3F /* Products */ = {
			isa = PBXGroup;
			children = (
				57CF2F9E18E137BC00D96B3F /* libMathC.a */,
			);
			name = Products;
			sourceTree = "<group>";
		};
		57EFEC0F18E01DEB005F0C59 = {
			isa = PBXGroup;
			children = (
				57EFEC4218E01E3A005F0C59 /* Include */,
				57EFEC4118E01E30005F0C59 /* Source */,
				57CF2F7C18E12D1B00D96B3F /* Dependencies */,
				57EFEC1918E01DEB005F0C59 /* Products */,
			);
			sourceTree = "<group>";
		};
		57EFEC1918E01DEB005F0C59 /* Products */ = {
			isa = PBXGroup;
			children = (
				57EFEC1818E01DEB005F0C59 /* libGraphics.a */,
			);
			name = Products;
			sourceTree = "<group>";
		};
		57EFEC4118E01E30005F0C59 /* Source */ = {
			isa = PBXGroup;
			children = (
				C201AA1A1E5543A100ABC070 /* Camera.cpp */,
				C201AA1B1E5543A100ABC070 /* Camera.h */,
				C201AA1C1E5543A100ABC070 /* DirectionalLight.cpp */,
				C201AA1D1E5543A100ABC070 /* DirectionalLight.h */,
				C201AA1E1E5543A100ABC070 /* EditableModel.cpp */,
				C201AA1F1E5543A100ABC070 /* EditableModel.h */,
				C201AA201E5543A100ABC070 /* Graphics.cpp */,
				C201AA211E5543A100ABC070 /* Graphics.h */,
				C201AA221E5543A100ABC070 /* Light.cpp */,
				C201AA231E5543A100ABC070 /* Light.h */,
				C201AA241E5543A100ABC070 /* Matrix.cpp */,
				C201AA251E5543A100ABC070 /* Matrix.h */,
				C201AA261E5543A100ABC070 /* Model.cpp */,
				C201AA271E5543A100ABC070 /* Model.h */,
				C201AA281E5543A100ABC070 /* NavModel.cpp */,
				C201AA291E5543A100ABC070 /* NavModel.h */,
				C201AA2A1E5543A100ABC070 /* PointLight.cpp */,
				C201AA2B1E5543A100ABC070 /* PointLight.h */,
				C201AA2C1E5543A100ABC070 /* Renderer */,
				C201AAB51E5543A200ABC070 /* Scene.cpp */,
				C201AAB61E5543A200ABC070 /* Scene.h */,
				C201AAB71E5543A200ABC070 /* SceneDirectionalLight.cpp */,
				C201AAB81E5543A200ABC070 /* SceneDirectionalLight.h */,
				C201AAB91E5543A200ABC070 /* SceneEntity.cpp */,
				C201AABA1E5543A200ABC070 /* SceneEntity.h */,
				C201AABB1E5543A200ABC070 /* ScenePointLight.cpp */,
				C201AABC1E5543A200ABC070 /* ScenePointLight.h */,
				C201AABD1E5543A200ABC070 /* SkeletalModel.cpp */,
				C201AABE1E5543A200ABC070 /* SkeletalModel.h */,
				C201AABF1E5543A200ABC070 /* Viewport.h */,
			);
			name = Source;
			sourceTree = "<group>";
		};
		57EFEC4218E01E3A005F0C59 /* Include */ = {
			isa = PBXGroup;
			children = (
				C201AA0E1E55432E00ABC070 /* Camera.h */,
				C201AA0F1E55432E00ABC070 /* DirectionalLight.h */,
				C201AA101E55432E00ABC070 /* EditableModel.h */,
				C201AA111E55432E00ABC070 /* Graphics.h */,
				C201AA121E55432E00ABC070 /* Model.h */,
				C201AA131E55432E00ABC070 /* NavModel.h */,
				C201AA141E55432E00ABC070 /* PointLight.h */,
				C201AA151E55432E00ABC070 /* Scene.h */,
				C201AA161E55432E00ABC070 /* SceneDirectionalLight.h */,
				C201AA171E55432E00ABC070 /* SceneEntity.h */,
				C201AA181E55432E00ABC070 /* ScenePointLight.h */,
				C201AA191E55432E00ABC070 /* SkeletalModel.h */,
			);
			name = Include;
			sourceTree = "<group>";
		};
		C201AA2C1E5543A100ABC070 /* Renderer */ = {
			isa = PBXGroup;
			children = (
				C201AA2D1E5543A100ABC070 /* Assets */,
				C201AA3F1E5543A100ABC070 /* Batch.h */,
				C201AA401E5543A100ABC070 /* CBufAllocator.h */,
				C201AA411E5543A100ABC070 /* CBufRange.h */,
				C201AA421E5543A100ABC070 /* EditableGeometry.h */,
				C201AA431E5543A100ABC070 /* Geometry.h */,
				C201AA441E5543A100ABC070 /* GeometryHelper.cpp */,
				C201AA451E5543A100ABC070 /* GeometryHelper.h */,
				C201AA461E5543A100ABC070 /* Movable.h */,
				C201AA471E5543A100ABC070 /* Movable2D.h */,
				C201AA481E5543A100ABC070 /* NavGeometry.h */,
				C201AA491E5543A100ABC070 /* Passes */,
				C201AA641E5543A200ABC070 /* Renderer.cpp */,
				C201AA651E5543A200ABC070 /* Renderer.h */,
				C201AA661E5543A200ABC070 /* techs */,
				C201AAB21E5543A200ABC070 /* TextureInfo.h */,
				C201AAB31E5543A200ABC070 /* VertexFormat.cpp */,
				C201AAB41E5543A200ABC070 /* VertexFormat.h */,
			);
			path = Renderer;
			sourceTree = "<group>";
		};
		C201AA2D1E5543A100ABC070 /* Assets */ = {
			isa = PBXGroup;
			children = (
				C201AA2E1E5543A100ABC070 /* Asset.h */,
				C201AA2F1E5543A100ABC070 /* EditablePNM.cpp */,
				C201AA301E5543A100ABC070 /* EditablePNM.h */,
				C201AA311E5543A100ABC070 /* EditablePNMFactory.cpp */,
				C201AA321E5543A100ABC070 /* EditablePNMFactory.h */,
				C201AA331E5543A100ABC070 /* NAV.cpp */,
				C201AA341E5543A100ABC070 /* NAV.h */,
				C201AA351E5543A100ABC070 /* NAVFactory.cpp */,
				C201AA361E5543A100ABC070 /* NAVFactory.h */,
				C201AA371E5543A100ABC070 /* PNM.cpp */,
				C201AA381E5543A100ABC070 /* PNM.h */,
				C201AA391E5543A100ABC070 /* PNMFactory.cpp */,
				C201AA3A1E5543A100ABC070 /* PNMFactory.h */,
				C201AA3B1E5543A100ABC070 /* PNT.cpp */,
				C201AA3C1E5543A100ABC070 /* PNT.h */,
				C201AA3D1E5543A100ABC070 /* PNTFactory.cpp */,
				C201AA3E1E5543A100ABC070 /* PNTFactory.h */,
			);
			path = Assets;
			sourceTree = "<group>";
		};
		C201AA491E5543A100ABC070 /* Passes */ = {
			isa = PBXGroup;
			children = (
				C201AA4A1E5543A100ABC070 /* EnvConstEnum.h */,
				C201AA4B1E5543A100ABC070 /* EnvDesc.h */,
				C201AA4C1E5543A100ABC070 /* ForwardShadingPassEnvDesc.cpp */,
				C201AA4D1E5543A100ABC070 /* ForwardShadingPassEnvDesc.h */,
				C201AA4E1E5543A200ABC070 /* GeometryPassEnvDesc.cpp */,
				C201AA4F1E5543A200ABC070 /* GeometryPassEnvDesc.h */,
				C201AA501E5543A200ABC070 /* LightIndexingPassesEnvDescs.cpp */,
				C201AA511E5543A200ABC070 /* LightIndexingPassesEnvDescs.h */,
				C201AA521E5543A200ABC070 /* LightingPassEnvDesc.cpp */,
				C201AA531E5543A200ABC070 /* LightingPassEnvDesc.h */,
				C201AA541E5543A200ABC070 /* LightVolumePassesEnvDescs.cpp */,
				C201AA551E5543A200ABC070 /* LightVolumePassesEnvDescs.h */,
				C201AA561E5543A200ABC070 /* Passes.cpp */,
				C201AA571E5543A200ABC070 /* Passes.h */,
				C201AA581E5543A200ABC070 /* RTs */,
				C201AA621E5543A200ABC070 /* ZPrePassEnvDesc.cpp */,
				C201AA631E5543A200ABC070 /* ZPrePassEnvDesc.h */,
			);
			path = Passes;
			sourceTree = "<group>";
		};
		C201AA581E5543A200ABC070 /* RTs */ = {
			isa = PBXGroup;
			children = (
				C201AA591E5543A200ABC070 /* DepthStencilMap.cpp */,
				C201AA5A1E5543A200ABC070 /* DepthStencilMap.h */,
				C201AA5B1E5543A200ABC070 /* GBufs.cpp */,
				C201AA5C1E5543A200ABC070 /* GBufs.h */,
				C201AA5D1E5543A200ABC070 /* LightIndexMap.cpp */,
				C201AA5E1E5543A200ABC070 /* LightIndexMap.h */,
				C201AA5F1E5543A200ABC070 /* ResourceViewDesc.h */,
				C201AA601E5543A200ABC070 /* RTs.cpp */,
				C201AA611E5543A200ABC070 /* RTs.h */,
			);
			path = RTs;
			sourceTree = "<group>";
		};
		C201AA661E5543A200ABC070 /* techs */ = {
			isa = PBXGroup;
			children = (
				C201AA671E5543A200ABC070 /* LightIndexingTechDesc.cpp */,
				C201AA681E5543A200ABC070 /* LightIndexingTechDesc.h */,
				C201AA691E5543A200ABC070 /* NavMeshTechDesc.cpp */,
				C201AA6A1E5543A200ABC070 /* NavMeshTechDesc.h */,
				C201AA6B1E5543A200ABC070 /* PipeStates */,
				C201AAA91E5543A200ABC070 /* PostProcessingTechDesc.cpp */,
				C201AAAA1E5543A200ABC070 /* PostProcessingTechDesc.h */,
				C201AAAB1E5543A200ABC070 /* SkinnedMeshTechDesc.cpp */,
				C201AAAC1E5543A200ABC070 /* SkinnedMeshTechDesc.h */,
				C201AAAD1E5543A200ABC070 /* StaticMeshTechDesc.cpp */,
				C201AAAE1E5543A200ABC070 /* StaticMeshTechDesc.h */,
				C201AAAF1E5543A200ABC070 /* TechDesc.h */,
				C201AAB01E5543A200ABC070 /* Techs.cpp */,
				C201AAB11E5543A200ABC070 /* Techs.h */,
			);
			path = techs;
			sourceTree = "<group>";
		};
		C201AA6B1E5543A200ABC070 /* PipeStates */ = {
			isa = PBXGroup;
			children = (
				C201AA6C1E5543A200ABC070 /* Common.cpp */,
				C201AA6D1E5543A200ABC070 /* Common.h */,
				C201AA6E1E5543A200ABC070 /* LightIndexingPassesPipeStateDescs.cpp */,
				C201AA6F1E5543A200ABC070 /* LightIndexingPassesPipeStateDescs.h */,
				C201AA701E5543A200ABC070 /* LightingPassPipeStateDesc.cpp */,
				C201AA711E5543A200ABC070 /* LightingPassPipeStateDesc.h */,
				C201AA721E5543A200ABC070 /* LightVolumePassesPipeStateDescs.cpp */,
				C201AA731E5543A200ABC070 /* LightVolumePassesPipeStateDescs.h */,
				C201AA741E5543A200ABC070 /* NavMeshShadingPassPipeStateDesc.cpp */,
				C201AA751E5543A200ABC070 /* NavMeshShadingPassPipeStateDesc.h */,
				C201AA761E5543A200ABC070 /* NavMeshZOnlyPassPipeStateDesc.cpp */,
				C201AA771E5543A200ABC070 /* NavMeshZOnlyPassPipeStateDesc.h */,
				C201AA781E5543A200ABC070 /* PipeStateDesc.h */,
				C201AA791E5543A200ABC070 /* shaders */,
				C201AA9D1E5543A200ABC070 /* SkinnedMeshGeometryPassPipeStateDesc.cpp */,
				C201AA9E1E5543A200ABC070 /* SkinnedMeshGeometryPassPipeStateDesc.h */,
				C201AA9F1E5543A200ABC070 /* SkinnedMeshShadingPassPipeStateDesc.cpp */,
				C201AAA01E5543A200ABC070 /* SkinnedMeshShadingPassPipeStateDesc.h */,
				C201AAA11E5543A200ABC070 /* SkinnedMeshZOnlyPassPipeStateDesc.cpp */,
				C201AAA21E5543A200ABC070 /* SkinnedMeshZOnlyPassPipeStateDesc.h */,
				C201AAA31E5543A200ABC070 /* StaticMeshGeometryPassPipeStateDesc.cpp */,
				C201AAA41E5543A200ABC070 /* StaticMeshGeometryPassPipeStateDesc.h */,
				C201AAA51E5543A200ABC070 /* StaticMeshShadingPassPipeStateDesc.cpp */,
				C201AAA61E5543A200ABC070 /* StaticMeshShadingPassPipeStateDesc.h */,
				C201AAA71E5543A200ABC070 /* StaticMeshZOnlyPassPipeStateDesc.cpp */,
				C201AAA81E5543A200ABC070 /* StaticMeshZOnlyPassPipeStateDesc.h */,
			);
			path = PipeStates;
			sourceTree = "<group>";
		};
		C201AA791E5543A200ABC070 /* shaders */ = {
			isa = PBXGroup;
			children = (
				C201AA7A1E5543A200ABC070 /* BoneMatBlock.h */,
				C201AA7B1E5543A200ABC070 /* CommonPS.h */,
				C201AA7C1E5543A200ABC070 /* CommonVS2D.h */,
				C201AA7D1E5543A200ABC070 /* CommonVS3D.h */,
				C201AA7E1E5543A200ABC070 /* CommonVS3DInput.h */,
				C201AA7F1E5543A200ABC070 /* CommonVSOutput.h */,
				C201AA801E5543A200ABC070 /* DirectionalLight.h */,
				C201AA811E5543A200ABC070 /* ForwardShadingPassEnvCBlock.h */,
				C201AA821E5543A200ABC070 /* lightIndexingPassesPS.glsl */,
				C201AA831E5543A200ABC070 /* lightIndexingPassesVS.glsl */,
				C201AA841E5543A200ABC070 /* lightingPassPS.glsl */,
				C201AA851E5543A200ABC070 /* lightingPassVS.glsl */,
				C201AA861E5543A200ABC070 /* lightVolumePassesPS.glsl */,
				C201AA871E5543A200ABC070 /* lightVolumePassesVS.glsl */,
				C201AA881E5543A200ABC070 /* MaterialBlock.h */,
				C201AA891E5543A200ABC070 /* MovableBlock.h */,
				C201AA8A1E5543A200ABC070 /* navMeshShadingPassPS.glsl */,
				C201AA8B1E5543A200ABC070 /* navMeshShadingPassVS.glsl */,
				C201AA8C1E5543A200ABC070 /* navMeshZOnlyPassPS.glsl */,
				C201AA8D1E5543A200ABC070 /* navMeshZOnlyPassVS.glsl */,
				C201AA8E1E5543A200ABC070 /* PointLight.h */,
				C201AA8F1E5543A200ABC070 /* PointLightVolumnInstanceCBlock.h */,
				C201AA901E5543A200ABC070 /* skinnedMeshGeometryPassPS.glsl */,
				C201AA911E5543A200ABC070 /* skinnedMeshGeometryPassVS.glsl */,
				C201AA921E5543A200ABC070 /* skinnedMeshShadingPassPS.glsl */,
				C201AA931E5543A200ABC070 /* skinnedMeshShadingPassVS.glsl */,
				C201AA941E5543A200ABC070 /* skinnedMeshZOnlyPassPS.glsl */,
				C201AA951E5543A200ABC070 /* skinnedMeshZOnlyPassVS.glsl */,
				C201AA961E5543A200ABC070 /* staticMeshGeometryPassPS.glsl */,
				C201AA971E5543A200ABC070 /* staticMeshGeometryPassVS.glsl */,
				C201AA981E5543A200ABC070 /* staticMeshShadingPassPS.glsl */,
				C201AA991E5543A200ABC070 /* staticMeshShadingPassVS.glsl */,
				C201AA9A1E5543A200ABC070 /* staticMeshZOnlyPassPS.glsl */,
				C201AA9B1E5543A200ABC070 /* staticMeshZOnlyPassVS.glsl */,
				C201AA9C1E5543A200ABC070 /* ZOnlyPassEnvCBlock.h */,
			);
			path = shaders;
			sourceTree = "<group>";
		};
		C20433001CC368920083D29E /* Products */ = {
			isa = PBXGroup;
			children = (
				C20433061CC368920083D29E /* IncludeDirectiveProcessor */,
			);
			name = Products;
			sourceTree = "<group>";
		};
		C204330C1CC3689E0083D29E /* Products */ = {
			isa = PBXGroup;
			children = (
				C20433101CC3689E0083D29E /* Text2MachO */,
			);
			name = Products;
			sourceTree = "<group>";
		};
		C21EE1C61DD87524000B7F1A /* Products */ = {
			isa = PBXGroup;
			children = (
				C21EE1CF1DD87524000B7F1A /* libzlib.a */,
			);
			name = Products;
			sourceTree = "<group>";
		};
		C27298441DD892E5003B1E25 /* Products */ = {
			isa = PBXGroup;
			children = (
				C272984C1DD892E5003B1E25 /* libminiziplib.a */,
			);
			name = Products;
			sourceTree = "<group>";
		};
/* End PBXGroup section */

/* Begin PBXNativeTarget section */
		57EFEC1718E01DEB005F0C59 /* Graphics */ = {
			isa = PBXNativeTarget;
			buildConfigurationList = 57EFEC3B18E01DEB005F0C59 /* Build configuration list for PBXNativeTarget "Graphics" */;
			buildPhases = (
				57EFEC1418E01DEB005F0C59 /* Sources */,
				57EFEC1518E01DEB005F0C59 /* Frameworks */,
				57EFEC1618E01DEB005F0C59 /* CopyFiles */,
			);
			buildRules = (
				C20433111CC368BA0083D29E /* PBXBuildRule */,
			);
			dependencies = (
				C204332E1CC3690F0083D29E /* PBXTargetDependency */,
				C20433301CC3690F0083D29E /* PBXTargetDependency */,
			);
			name = Graphics;
			productName = Graphics;
			productReference = 57EFEC1818E01DEB005F0C59 /* libGraphics.a */;
			productType = "com.apple.product-type.library.static";
		};
/* End PBXNativeTarget section */

/* Begin PBXProject section */
		57EFEC1018E01DEB005F0C59 /* Project object */ = {
			isa = PBXProject;
			attributes = {
				LastUpgradeCheck = 0510;
				ORGANIZATIONNAME = "Pixel Soft";
			};
			buildConfigurationList = 57EFEC1318E01DEB005F0C59 /* Build configuration list for PBXProject "Graphics" */;
			compatibilityVersion = "Xcode 3.2";
			developmentRegion = English;
			hasScannedForEncodings = 0;
			knownRegions = (
				en,
			);
			mainGroup = 57EFEC0F18E01DEB005F0C59;
			productRefGroup = 57EFEC1918E01DEB005F0C59 /* Products */;
			projectDirPath = "";
			projectReferences = (
				{
					ProductGroup = 57CF2F7618E12C9300D96B3F /* Products */;
					ProjectRef = 57CF2F7518E12C9300D96B3F /* FileStream.xcodeproj */;
				},
				{
					ProductGroup = 57CF2F7E18E12D3300D96B3F /* Products */;
					ProjectRef = 57CF2F7D18E12D3300D96B3F /* GL.xcodeproj */;
				},
				{
					ProductGroup = C20433001CC368920083D29E /* Products */;
					ProjectRef = C20432FF1CC368920083D29E /* IncludeDirectiveProcessor.xcodeproj */;
				},
				{
					ProductGroup = 57CF2F8518E12D6C00D96B3F /* Products */;
					ProjectRef = 57CF2F8418E12D6C00D96B3F /* iOS.xcodeproj */;
				},
				{
					ProductGroup = 57CF2F9A18E137BC00D96B3F /* Products */;
					ProjectRef = 57CF2F9918E137BC00D96B3F /* MathC.xcodeproj */;
				},
				{
					ProductGroup = C27298441DD892E5003B1E25 /* Products */;
					ProjectRef = C27298431DD892E5003B1E25 /* miniziplib.xcodeproj */;
				},
				{
					ProductGroup = C204330C1CC3689E0083D29E /* Products */;
					ProjectRef = C204330B1CC3689E0083D29E /* Text2MachO.xcodeproj */;
				},
				{
					ProductGroup = 57AAA6D118E1564B000045CF /* Products */;
					ProjectRef = 57AAA6D018E1564B000045CF /* Utilities.xcodeproj */;
				},
				{
					ProductGroup = C21EE1C61DD87524000B7F1A /* Products */;
					ProjectRef = C21EE1C51DD87524000B7F1A /* zlib.xcodeproj */;
				},
			);
			projectRoot = "";
			targets = (
				57EFEC1718E01DEB005F0C59 /* Graphics */,
			);
		};
/* End PBXProject section */

/* Begin PBXReferenceProxy section */
		57AAA6DA18E1564B000045CF /* libUtilities.a */ = {
			isa = PBXReferenceProxy;
			fileType = archive.ar;
			path = libUtilities.a;
			remoteRef = 57AAA6D918E1564B000045CF /* PBXContainerItemProxy */;
			sourceTree = BUILT_PRODUCTS_DIR;
		};
		57CF2F7A18E12C9300D96B3F /* libFileStream.a */ = {
			isa = PBXReferenceProxy;
			fileType = archive.ar;
			path = libFileStream.a;
			remoteRef = 57CF2F7918E12C9300D96B3F /* PBXContainerItemProxy */;
			sourceTree = BUILT_PRODUCTS_DIR;
		};
		57CF2F8218E12D3300D96B3F /* libGL.a */ = {
			isa = PBXReferenceProxy;
			fileType = archive.ar;
			path = libGL.a;
			remoteRef = 57CF2F8118E12D3300D96B3F /* PBXContainerItemProxy */;
			sourceTree = BUILT_PRODUCTS_DIR;
		};
		57CF2F8918E12D6C00D96B3F /* libiOS.a */ = {
			isa = PBXReferenceProxy;
			fileType = archive.ar;
			path = libiOS.a;
			remoteRef = 57CF2F8818E12D6C00D96B3F /* PBXContainerItemProxy */;
			sourceTree = BUILT_PRODUCTS_DIR;
		};
		57CF2F9E18E137BC00D96B3F /* libMathC.a */ = {
			isa = PBXReferenceProxy;
			fileType = archive.ar;
			path = libMathC.a;
			remoteRef = 57CF2F9D18E137BC00D96B3F /* PBXContainerItemProxy */;
			sourceTree = BUILT_PRODUCTS_DIR;
		};
		C20433061CC368920083D29E /* IncludeDirectiveProcessor */ = {
			isa = PBXReferenceProxy;
			fileType = "compiled.mach-o.executable";
			path = IncludeDirectiveProcessor;
			remoteRef = C20433051CC368920083D29E /* PBXContainerItemProxy */;
			sourceTree = BUILT_PRODUCTS_DIR;
		};
		C20433101CC3689E0083D29E /* Text2MachO */ = {
			isa = PBXReferenceProxy;
			fileType = "compiled.mach-o.executable";
			path = Text2MachO;
			remoteRef = C204330F1CC3689E0083D29E /* PBXContainerItemProxy */;
			sourceTree = BUILT_PRODUCTS_DIR;
		};
		C21EE1CF1DD87524000B7F1A /* libzlib.a */ = {
			isa = PBXReferenceProxy;
			fileType = archive.ar;
			path = libzlib.a;
			remoteRef = C21EE1CE1DD87524000B7F1A /* PBXContainerItemProxy */;
			sourceTree = BUILT_PRODUCTS_DIR;
		};
		C272984C1DD892E5003B1E25 /* libminiziplib.a */ = {
			isa = PBXReferenceProxy;
			fileType = archive.ar;
			path = libminiziplib.a;
			remoteRef = C272984B1DD892E5003B1E25 /* PBXContainerItemProxy */;
			sourceTree = BUILT_PRODUCTS_DIR;
		};
/* End PBXReferenceProxy section */

/* Begin PBXSourcesBuildPhase section */
		57EFEC1418E01DEB005F0C59 /* Sources */ = {
			isa = PBXSourcesBuildPhase;
			buildActionMask = 2147483647;
			files = (
				C201AB491E55911600ABC070 /* lightIndexingPassesPS.glsl in Sources */,
				C201AB4A1E55911600ABC070 /* lightIndexingPassesVS.glsl in Sources */,
				C201AB4B1E55911600ABC070 /* lightingPassPS.glsl in Sources */,
				C201AB4C1E55911600ABC070 /* lightingPassVS.glsl in Sources */,
				C201AB4D1E55911600ABC070 /* lightVolumePassesPS.glsl in Sources */,
				C201AB4E1E55911600ABC070 /* lightVolumePassesVS.glsl in Sources */,
				C201AB4F1E55911600ABC070 /* navMeshShadingPassPS.glsl in Sources */,
				C201AB501E55911600ABC070 /* navMeshShadingPassVS.glsl in Sources */,
				C201AB511E55911600ABC070 /* navMeshZOnlyPassPS.glsl in Sources */,
				C201AB521E55911600ABC070 /* navMeshZOnlyPassVS.glsl in Sources */,
				C201AB531E55911600ABC070 /* skinnedMeshGeometryPassPS.glsl in Sources */,
				C201AB541E55911600ABC070 /* skinnedMeshGeometryPassVS.glsl in Sources */,
				C201AB551E55911600ABC070 /* skinnedMeshShadingPassPS.glsl in Sources */,
				C201AB561E55911600ABC070 /* skinnedMeshShadingPassVS.glsl in Sources */,
				C201AB571E55911600ABC070 /* skinnedMeshZOnlyPassPS.glsl in Sources */,
				C201AB581E55911600ABC070 /* skinnedMeshZOnlyPassVS.glsl in Sources */,
				C201AB591E55911700ABC070 /* staticMeshGeometryPassPS.glsl in Sources */,
				C201AB5A1E55911700ABC070 /* staticMeshGeometryPassVS.glsl in Sources */,
				C201AB5B1E55911700ABC070 /* staticMeshShadingPassPS.glsl in Sources */,
				C201AB5C1E55911700ABC070 /* staticMeshShadingPassVS.glsl in Sources */,
				C201AB5D1E55911700ABC070 /* staticMeshZOnlyPassPS.glsl in Sources */,
				C201AB5E1E55911700ABC070 /* staticMeshZOnlyPassVS.glsl in Sources */,
				C201AAC51E5543A200ABC070 /* Matrix.cpp in Sources */,
				C201AAC91E5543A200ABC070 /* EditablePNM.cpp in Sources */,
				C201AAC41E5543A200ABC070 /* Light.cpp in Sources */,
				C201AAD21E5543A200ABC070 /* ForwardShadingPassEnvDesc.cpp in Sources */,
				C201AAE71E5543A200ABC070 /* SkinnedMeshShadingPassPipeStateDesc.cpp in Sources */,
				C201AACE1E5543A200ABC070 /* PNMFactory.cpp in Sources */,
				C201AADE1E5543A200ABC070 /* LightIndexingTechDesc.cpp in Sources */,
				C201AAE11E5543A200ABC070 /* LightIndexingPassesPipeStateDescs.cpp in Sources */,
				C201AAE51E5543A200ABC070 /* NavMeshZOnlyPassPipeStateDesc.cpp in Sources */,
				C201AAE81E5543A200ABC070 /* SkinnedMeshZOnlyPassPipeStateDesc.cpp in Sources */,
				C201AAF21E5543A200ABC070 /* SceneDirectionalLight.cpp in Sources */,
				C201AADB1E5543A200ABC070 /* RTs.cpp in Sources */,
				C201AADD1E5543A200ABC070 /* Renderer.cpp in Sources */,
				C201AAD91E5543A200ABC070 /* GBufs.cpp in Sources */,
				C201AAD01E5543A200ABC070 /* PNTFactory.cpp in Sources */,
				C201AAC01E5543A200ABC070 /* Camera.cpp in Sources */,
				C201AAEB1E5543A200ABC070 /* StaticMeshZOnlyPassPipeStateDesc.cpp in Sources */,
				C201AAC71E5543A200ABC070 /* NavModel.cpp in Sources */,
				C201AAD61E5543A200ABC070 /* LightVolumePassesEnvDescs.cpp in Sources */,
				C201AADC1E5543A200ABC070 /* ZPrePassEnvDesc.cpp in Sources */,
				C201AAC11E5543A200ABC070 /* DirectionalLight.cpp in Sources */,
				C201AAE31E5543A200ABC070 /* LightVolumePassesPipeStateDescs.cpp in Sources */,
				C201AAC61E5543A200ABC070 /* Model.cpp in Sources */,
				C201AAF31E5543A200ABC070 /* SceneEntity.cpp in Sources */,
				C201AAE21E5543A200ABC070 /* LightingPassPipeStateDesc.cpp in Sources */,
				C201AAC81E5543A200ABC070 /* PointLight.cpp in Sources */,
				C201AACA1E5543A200ABC070 /* EditablePNMFactory.cpp in Sources */,
				C201AAEE1E5543A200ABC070 /* StaticMeshTechDesc.cpp in Sources */,
				C201AAEA1E5543A200ABC070 /* StaticMeshShadingPassPipeStateDesc.cpp in Sources */,
				C201AACF1E5543A200ABC070 /* PNT.cpp in Sources */,
				C201AAF51E5543A200ABC070 /* SkeletalModel.cpp in Sources */,
				C201AACB1E5543A200ABC070 /* NAV.cpp in Sources */,
				C201AADA1E5543A200ABC070 /* LightIndexMap.cpp in Sources */,
				C201AAD41E5543A200ABC070 /* LightIndexingPassesEnvDescs.cpp in Sources */,
				C201AAD81E5543A200ABC070 /* DepthStencilMap.cpp in Sources */,
				C201AAC31E5543A200ABC070 /* Graphics.cpp in Sources */,
				C201AAF01E5543A200ABC070 /* VertexFormat.cpp in Sources */,
				C201AAEF1E5543A200ABC070 /* Techs.cpp in Sources */,
				C201AAE61E5543A200ABC070 /* SkinnedMeshGeometryPassPipeStateDesc.cpp in Sources */,
				C201AACD1E5543A200ABC070 /* PNM.cpp in Sources */,
				C201AADF1E5543A200ABC070 /* NavMeshTechDesc.cpp in Sources */,
				C201AAD71E5543A200ABC070 /* Passes.cpp in Sources */,
				C201AAED1E5543A200ABC070 /* SkinnedMeshTechDesc.cpp in Sources */,
				C201AAC21E5543A200ABC070 /* EditableModel.cpp in Sources */,
				C201AACC1E5543A200ABC070 /* NAVFactory.cpp in Sources */,
				C201AAD51E5543A200ABC070 /* LightingPassEnvDesc.cpp in Sources */,
				C201AAEC1E5543A200ABC070 /* PostProcessingTechDesc.cpp in Sources */,
				C201AAE41E5543A200ABC070 /* NavMeshShadingPassPipeStateDesc.cpp in Sources */,
				C201AAE91E5543A200ABC070 /* StaticMeshGeometryPassPipeStateDesc.cpp in Sources */,
				C201AAD11E5543A200ABC070 /* GeometryHelper.cpp in Sources */,
				C201AAD31E5543A200ABC070 /* GeometryPassEnvDesc.cpp in Sources */,
				C201AAF41E5543A200ABC070 /* ScenePointLight.cpp in Sources */,
				C201AAF11E5543A200ABC070 /* Scene.cpp in Sources */,
				C201AAE01E5543A200ABC070 /* Common.cpp in Sources */,
			);
			runOnlyForDeploymentPostprocessing = 0;
		};
/* End PBXSourcesBuildPhase section */

/* Begin PBXTargetDependency section */
		C204332E1CC3690F0083D29E /* PBXTargetDependency */ = {
			isa = PBXTargetDependency;
			name = Text2MachO;
			targetProxy = C204332D1CC3690F0083D29E /* PBXContainerItemProxy */;
		};
		C20433301CC3690F0083D29E /* PBXTargetDependency */ = {
			isa = PBXTargetDependency;
			name = IncludeDirectiveProcessor;
			targetProxy = C204332F1CC3690F0083D29E /* PBXContainerItemProxy */;
		};
/* End PBXTargetDependency section */

/* Begin XCBuildConfiguration section */
		57EFEC3918E01DEB005F0C59 /* Debug */ = {
			isa = XCBuildConfiguration;
			buildSettings = {
				ALWAYS_SEARCH_USER_PATHS = NO;
				CLANG_CXX_LANGUAGE_STANDARD = "gnu++0x";
				CLANG_CXX_LIBRARY = "libc++";
				CLANG_ENABLE_MODULES = YES;
				CLANG_ENABLE_OBJC_ARC = YES;
				CLANG_WARN_BOOL_CONVERSION = YES;
				CLANG_WARN_CONSTANT_CONVERSION = YES;
				CLANG_WARN_DIRECT_OBJC_ISA_USAGE = YES_ERROR;
				CLANG_WARN_EMPTY_BODY = YES;
				CLANG_WARN_ENUM_CONVERSION = YES;
				CLANG_WARN_INT_CONVERSION = YES;
				CLANG_WARN_OBJC_ROOT_CLASS = YES_ERROR;
				CLANG_WARN__DUPLICATE_METHOD_MATCH = YES;
				COPY_PHASE_STRIP = NO;
				GCC_C_LANGUAGE_STANDARD = gnu99;
				GCC_DYNAMIC_NO_PIC = NO;
				GCC_OPTIMIZATION_LEVEL = 0;
				GCC_PREPROCESSOR_DEFINITIONS = (
					"DEBUG=1",
					"$(inherited)",
					PGN_STATIC_BUILD,
				);
				GCC_SYMBOLS_PRIVATE_EXTERN = NO;
				GCC_WARN_64_TO_32_BIT_CONVERSION = YES;
				GCC_WARN_ABOUT_RETURN_TYPE = YES_ERROR;
				GCC_WARN_UNDECLARED_SELECTOR = YES;
				GCC_WARN_UNINITIALIZED_AUTOS = YES_AGGRESSIVE;
				GCC_WARN_UNUSED_FUNCTION = YES;
				GCC_WARN_UNUSED_VARIABLE = YES;
				HEADER_SEARCH_PATHS = (
					"$(inherited)",
					/Applications/Xcode.app/Contents/Developer/Toolchains/XcodeDefault.xctoolchain/usr/include,
					"$(SRCROOT)/../../Include",
				);
				IPHONEOS_DEPLOYMENT_TARGET = 7.1;
				ONLY_ACTIVE_ARCH = YES;
				SDKROOT = iphoneos;
				SYMROOT = "$(SRCROOT)/../../Build";
			};
			name = Debug;
		};
		57EFEC3A18E01DEB005F0C59 /* Release */ = {
			isa = XCBuildConfiguration;
			buildSettings = {
				ALWAYS_SEARCH_USER_PATHS = NO;
				CLANG_CXX_LANGUAGE_STANDARD = "gnu++0x";
				CLANG_CXX_LIBRARY = "libc++";
				CLANG_ENABLE_MODULES = YES;
				CLANG_ENABLE_OBJC_ARC = YES;
				CLANG_WARN_BOOL_CONVERSION = YES;
				CLANG_WARN_CONSTANT_CONVERSION = YES;
				CLANG_WARN_DIRECT_OBJC_ISA_USAGE = YES_ERROR;
				CLANG_WARN_EMPTY_BODY = YES;
				CLANG_WARN_ENUM_CONVERSION = YES;
				CLANG_WARN_INT_CONVERSION = YES;
				CLANG_WARN_OBJC_ROOT_CLASS = YES_ERROR;
				CLANG_WARN__DUPLICATE_METHOD_MATCH = YES;
				COPY_PHASE_STRIP = YES;
				ENABLE_NS_ASSERTIONS = NO;
				GCC_C_LANGUAGE_STANDARD = gnu99;
				GCC_PREPROCESSOR_DEFINITIONS = (
					NDEBUG,
					PGN_STATIC_BUILD,
				);
				GCC_WARN_64_TO_32_BIT_CONVERSION = YES;
				GCC_WARN_ABOUT_RETURN_TYPE = YES_ERROR;
				GCC_WARN_UNDECLARED_SELECTOR = YES;
				GCC_WARN_UNINITIALIZED_AUTOS = YES_AGGRESSIVE;
				GCC_WARN_UNUSED_FUNCTION = YES;
				GCC_WARN_UNUSED_VARIABLE = YES;
				HEADER_SEARCH_PATHS = (
					"$(inherited)",
					/Applications/Xcode.app/Contents/Developer/Toolchains/XcodeDefault.xctoolchain/usr/include,
					"$(SRCROOT)/../../Include",
				);
				IPHONEOS_DEPLOYMENT_TARGET = 7.1;
				SDKROOT = iphoneos;
				SYMROOT = "$(SRCROOT)/../../Build";
				VALIDATE_PRODUCT = YES;
			};
			name = Release;
		};
		57EFEC3C18E01DEB005F0C59 /* Debug */ = {
			isa = XCBuildConfiguration;
			buildSettings = {
				DSTROOT = /tmp/Graphics.dst;
				ENABLE_BITCODE = NO;
				GCC_PRECOMPILE_PREFIX_HEADER = NO;
				GCC_PREFIX_HEADER = "";
				OTHER_LDFLAGS = "-ObjC";
				PRODUCT_NAME = "$(TARGET_NAME)";
				SKIP_INSTALL = YES;
			};
			name = Debug;
		};
		57EFEC3D18E01DEB005F0C59 /* Release */ = {
			isa = XCBuildConfiguration;
			buildSettings = {
				DSTROOT = /tmp/Graphics.dst;
				ENABLE_BITCODE = NO;
				GCC_PRECOMPILE_PREFIX_HEADER = NO;
				GCC_PREFIX_HEADER = "";
				OTHER_LDFLAGS = "-ObjC";
				PRODUCT_NAME = "$(TARGET_NAME)";
				SKIP_INSTALL = YES;
			};
			name = Release;
		};
/* End XCBuildConfiguration section */

/* Begin XCConfigurationList section */
		57EFEC1318E01DEB005F0C59 /* Build configuration list for PBXProject "Graphics" */ = {
			isa = XCConfigurationList;
			buildConfigurations = (
				57EFEC3918E01DEB005F0C59 /* Debug */,
				57EFEC3A18E01DEB005F0C59 /* Release */,
			);
			defaultConfigurationIsVisible = 0;
			defaultConfigurationName = Release;
		};
		57EFEC3B18E01DEB005F0C59 /* Build configuration list for PBXNativeTarget "Graphics" */ = {
			isa = XCConfigurationList;
			buildConfigurations = (
				57EFEC3C18E01DEB005F0C59 /* Debug */,
				57EFEC3D18E01DEB005F0C59 /* Release */,
			);
			defaultConfigurationIsVisible = 0;
			defaultConfigurationName = Release;
		};
/* End XCConfigurationList section */
	};
	rootObject = 57EFEC1018E01DEB005F0C59 /* Project object */;
}
