
Microsoft Visual Studio Solution File, Format Version 12.00
# Visual Studio 2013
VisualStudioVersion = 12.0.40629.0
MinimumVisualStudioVersion = 10.0.40219.1
Project("{8BC9CEB8-8B4A-11D0-8D11-00A0C91BC942}") = "EntityView", "EntityView.vcxproj", "{40F4740B-360C-45E0-B201-E749097B239D}"
	ProjectSection(ProjectDependencies) = postProject
		{A8C5A665-9398-4B01-BDF7-4C6FAE0688BE} = {A8C5A665-9398-4B01-BDF7-4C6FAE0688BE}
		{BC1C568B-3590-4113-A3F4-64483FAAEB03} = {BC1C568B-3590-4113-A3F4-64483FAAEB03}
	EndProjectSection
EndProject
Project("{8BC9CEB8-8B4A-11D0-8D11-00A0C91BC942}") = "Win32", "..\Win32\Win32.vcxproj", "{330F68BE-BAA0-434E-82B2-5363E5D2B3A3}"
EndProject
Project("{8BC9CEB8-8B4A-11D0-8D11-00A0C91BC942}") = "miniziplib", "..\..\Extern\Source\miniziplib\miniziplib.vcxproj", "{75973275-C2B4-4B53-BB54-3533E76E84B2}"
	ProjectSection(ProjectDependencies) = postProject
		{B14D77D3-640F-43E0-8AA3-BC3FBE456450} = {B14D77D3-640F-43E0-8AA3-BC3FBE456450}
	EndProjectSection
EndProject
Project("{8BC9CEB8-8B4A-11D0-8D11-00A0C91BC942}") = "FileStream", "..\FileStream\FileStream.vcxproj", "{BC1C568B-3590-4113-A3F4-64483FAAEB03}"
	ProjectSection(ProjectDependencies) = postProject
		{75973275-C2B4-4B53-BB54-3533E76E84B2} = {75973275-C2B4-4B53-BB54-3533E76E84B2}
		{330F68BE-BAA0-434E-82B2-5363E5D2B3A3} = {330F68BE-BAA0-434E-82B2-5363E5D2B3A3}
	EndProjectSection
EndProject
Project("{8BC9CEB8-8B4A-11D0-8D11-00A0C91BC942}") = "MathC", "..\MathC\MathC.vcxproj", "{2D2C9C84-BFE3-4EE2-AA18-F0295F2DBA76}"
EndProject
Project("{8BC9CEB8-8B4A-11D0-8D11-00A0C91BC942}") = "Utilities", "..\Utilities\Utilities.vcxproj", "{C3905797-D82C-44ED-A090-5E34019BC98C}"
	ProjectSection(ProjectDependencies) = postProject
		{2D2C9C84-BFE3-4EE2-AA18-F0295F2DBA76} = {2D2C9C84-BFE3-4EE2-AA18-F0295F2DBA76}
		{BC1C568B-3590-4113-A3F4-64483FAAEB03} = {BC1C568B-3590-4113-A3F4-64483FAAEB03}
		{330F68BE-BAA0-434E-82B2-5363E5D2B3A3} = {330F68BE-BAA0-434E-82B2-5363E5D2B3A3}
	EndProjectSection
EndProject
Project("{8BC9CEB8-8B4A-11D0-8D11-00A0C91BC942}") = "GL", "..\GL\GL.vcxproj", "{959DEBD1-6251-438A-81F7-53C89A4C9F6D}"
	ProjectSection(ProjectDependencies) = postProject
		{C3905797-D82C-44ED-A090-5E34019BC98C} = {C3905797-D82C-44ED-A090-5E34019BC98C}
		{330F68BE-BAA0-434E-82B2-5363E5D2B3A3} = {330F68BE-BAA0-434E-82B2-5363E5D2B3A3}
	EndProjectSection
EndProject
Project("{8BC9CEB8-8B4A-11D0-8D11-00A0C91BC942}") = "Graphics", "..\Graphics\Graphics.vcxproj", "{A8C5A665-9398-4B01-BDF7-4C6FAE0688BE}"
	ProjectSection(ProjectDependencies) = postProject
		{ED8E4626-98CA-4B60-A4FE-A4651C06F51C} = {ED8E4626-98CA-4B60-A4FE-A4651C06F51C}
		{542A2235-0CED-44BD-BCB7-65AA55623EC0} = {542A2235-0CED-44BD-BCB7-65AA55623EC0}
		{2D2C9C84-BFE3-4EE2-AA18-F0295F2DBA76} = {2D2C9C84-BFE3-4EE2-AA18-F0295F2DBA76}
		{BC1C568B-3590-4113-A3F4-64483FAAEB03} = {BC1C568B-3590-4113-A3F4-64483FAAEB03}
		{C3905797-D82C-44ED-A090-5E34019BC98C} = {C3905797-D82C-44ED-A090-5E34019BC98C}
		{330F68BE-BAA0-434E-82B2-5363E5D2B3A3} = {330F68BE-BAA0-434E-82B2-5363E5D2B3A3}
		{959DEBD1-6251-438A-81F7-53C89A4C9F6D} = {959DEBD1-6251-438A-81F7-53C89A4C9F6D}
	EndProjectSection
EndProject
Project("{8BC9CEB8-8B4A-11D0-8D11-00A0C91BC942}") = "zlib", "..\..\Extern\Source\zlib\zlib.vcxproj", "{B14D77D3-640F-43E0-8AA3-BC3FBE456450}"
EndProject
Project("{8BC9CEB8-8B4A-11D0-8D11-00A0C91BC942}") = "IncludeDirectiveProcessor", "..\IncludeDirectiveProcessor\IncludeDirectiveProcessor.vcxproj", "{ED8E4626-98CA-4B60-A4FE-A4651C06F51C}"
EndProject
Project("{8BC9CEB8-8B4A-11D0-8D11-00A0C91BC942}") = "Text2COFF", "..\Text2COFF\Text2COFF.vcxproj", "{542A2235-0CED-44BD-BCB7-65AA55623EC0}"
EndProject
Project("{FAE04EC0-301F-11D3-BF4B-00C04F79EFBC}") = "AssetAssembler", "AssetAssembler.csproj", "{CA53D0ED-52F6-4033-969A-C5B85FF6D96E}"
	ProjectSection(ProjectDependencies) = postProject
		{7B25BA08-B2A6-456C-91F3-CCCB01D14539} = {7B25BA08-B2A6-456C-91F3-CCCB01D14539}
		{40F4740B-360C-45E0-B201-E749097B239D} = {40F4740B-360C-45E0-B201-E749097B239D}
		{FF492B0D-B3CC-43EC-8631-6AE8DCB9E52C} = {FF492B0D-B3CC-43EC-8631-6AE8DCB9E52C}
		{91EF0863-4E5F-406B-A7A5-04EBE91DE17C} = {91EF0863-4E5F-406B-A7A5-04EBE91DE17C}
	EndProjectSection
EndProject
Project("{8BC9CEB8-8B4A-11D0-8D11-00A0C91BC942}") = "KTX2PNT", "..\KTX2PNT\KTX2PNT.vcxproj", "{FF492B0D-B3CC-43EC-8631-6AE8DCB9E52C}"
EndProject
Project("{8BC9CEB8-8B4A-11D0-8D11-00A0C91BC942}") = "minizip", "..\..\Extern\Source\minizip\minizip.vcxproj", "{7B25BA08-B2A6-456C-91F3-CCCB01D14539}"
	ProjectSection(ProjectDependencies) = postProject
		{75973275-C2B4-4B53-BB54-3533E76E84B2} = {75973275-C2B4-4B53-BB54-3533E76E84B2}
		{B14D77D3-640F-43E0-8AA3-BC3FBE456450} = {B14D77D3-640F-43E0-8AA3-BC3FBE456450}
	EndProjectSection
EndProject
Project("{8BC9CEB8-8B4A-11D0-8D11-00A0C91BC942}") = "miniunz", "..\..\Extern\Source\minizip\miniunz.vcxproj", "{91EF0863-4E5F-406B-A7A5-04EBE91DE17C}"
	ProjectSection(ProjectDependencies) = postProject
		{75973275-C2B4-4B53-BB54-3533E76E84B2} = {75973275-C2B4-4B53-BB54-3533E76E84B2}
		{B14D77D3-640F-43E0-8AA3-BC3FBE456450} = {B14D77D3-640F-43E0-8AA3-BC3FBE456450}
	EndProjectSection
EndProject
Global
	GlobalSection(SolutionConfigurationPlatforms) = preSolution
		Debug|x64 = Debug|x64
		Release_AsmOutput|x64 = Release_AsmOutput|x64
		Release|x64 = Release|x64
	EndGlobalSection
	GlobalSection(ProjectConfigurationPlatforms) = postSolution
		{40F4740B-360C-45E0-B201-E749097B239D}.Debug|x64.ActiveCfg = Debug|x64
		{40F4740B-360C-45E0-B201-E749097B239D}.Debug|x64.Build.0 = Debug|x64
		{40F4740B-360C-45E0-B201-E749097B239D}.Release_AsmOutput|x64.ActiveCfg = Release|x64
		{40F4740B-360C-45E0-B201-E749097B239D}.Release_AsmOutput|x64.Build.0 = Release|x64
		{40F4740B-360C-45E0-B201-E749097B239D}.Release|x64.ActiveCfg = Release|x64
		{40F4740B-360C-45E0-B201-E749097B239D}.Release|x64.Build.0 = Release|x64
		{330F68BE-BAA0-434E-82B2-5363E5D2B3A3}.Debug|x64.ActiveCfg = Debug|x64
		{330F68BE-BAA0-434E-82B2-5363E5D2B3A3}.Debug|x64.Build.0 = Debug|x64
		{330F68BE-BAA0-434E-82B2-5363E5D2B3A3}.Release_AsmOutput|x64.ActiveCfg = Release_AsmOutput|x64
		{330F68BE-BAA0-434E-82B2-5363E5D2B3A3}.Release_AsmOutput|x64.Build.0 = Release_AsmOutput|x64
		{330F68BE-BAA0-434E-82B2-5363E5D2B3A3}.Release|x64.ActiveCfg = Release|x64
		{330F68BE-BAA0-434E-82B2-5363E5D2B3A3}.Release|x64.Build.0 = Release|x64
		{75973275-C2B4-4B53-BB54-3533E76E84B2}.Debug|x64.ActiveCfg = Debug|x64
		{75973275-C2B4-4B53-BB54-3533E76E84B2}.Debug|x64.Build.0 = Debug|x64
		{75973275-C2B4-4B53-BB54-3533E76E84B2}.Release_AsmOutput|x64.ActiveCfg = Release|x64
		{75973275-C2B4-4B53-BB54-3533E76E84B2}.Release_AsmOutput|x64.Build.0 = Release|x64
		{75973275-C2B4-4B53-BB54-3533E76E84B2}.Release|x64.ActiveCfg = Release|x64
		{75973275-C2B4-4B53-BB54-3533E76E84B2}.Release|x64.Build.0 = Release|x64
		{BC1C568B-3590-4113-A3F4-64483FAAEB03}.Debug|x64.ActiveCfg = Debug|x64
		{BC1C568B-3590-4113-A3F4-64483FAAEB03}.Debug|x64.Build.0 = Debug|x64
		{BC1C568B-3590-4113-A3F4-64483FAAEB03}.Release_AsmOutput|x64.ActiveCfg = Release_AsmOutput|x64
		{BC1C568B-3590-4113-A3F4-64483FAAEB03}.Release_AsmOutput|x64.Build.0 = Release_AsmOutput|x64
		{BC1C568B-3590-4113-A3F4-64483FAAEB03}.Release|x64.ActiveCfg = Release|x64
		{BC1C568B-3590-4113-A3F4-64483FAAEB03}.Release|x64.Build.0 = Release|x64
		{2D2C9C84-BFE3-4EE2-AA18-F0295F2DBA76}.Debug|x64.ActiveCfg = Debug|x64
		{2D2C9C84-BFE3-4EE2-AA18-F0295F2DBA76}.Debug|x64.Build.0 = Debug|x64
		{2D2C9C84-BFE3-4EE2-AA18-F0295F2DBA76}.Release_AsmOutput|x64.ActiveCfg = Release_AsmOutput|x64
		{2D2C9C84-BFE3-4EE2-AA18-F0295F2DBA76}.Release_AsmOutput|x64.Build.0 = Release_AsmOutput|x64
		{2D2C9C84-BFE3-4EE2-AA18-F0295F2DBA76}.Release|x64.ActiveCfg = Release|x64
		{2D2C9C84-BFE3-4EE2-AA18-F0295F2DBA76}.Release|x64.Build.0 = Release|x64
		{C3905797-D82C-44ED-A090-5E34019BC98C}.Debug|x64.ActiveCfg = Debug|x64
		{C3905797-D82C-44ED-A090-5E34019BC98C}.Debug|x64.Build.0 = Debug|x64
		{C3905797-D82C-44ED-A090-5E34019BC98C}.Release_AsmOutput|x64.ActiveCfg = Release_AsmOutput|x64
		{C3905797-D82C-44ED-A090-5E34019BC98C}.Release_AsmOutput|x64.Build.0 = Release_AsmOutput|x64
		{C3905797-D82C-44ED-A090-5E34019BC98C}.Release|x64.ActiveCfg = Release|x64
		{C3905797-D82C-44ED-A090-5E34019BC98C}.Release|x64.Build.0 = Release|x64
		{959DEBD1-6251-438A-81F7-53C89A4C9F6D}.Debug|x64.ActiveCfg = Debug|x64
		{959DEBD1-6251-438A-81F7-53C89A4C9F6D}.Debug|x64.Build.0 = Debug|x64
		{959DEBD1-6251-438A-81F7-53C89A4C9F6D}.Release_AsmOutput|x64.ActiveCfg = Release_AsmOutput|x64
		{959DEBD1-6251-438A-81F7-53C89A4C9F6D}.Release_AsmOutput|x64.Build.0 = Release_AsmOutput|x64
		{959DEBD1-6251-438A-81F7-53C89A4C9F6D}.Release|x64.ActiveCfg = Release|x64
		{959DEBD1-6251-438A-81F7-53C89A4C9F6D}.Release|x64.Build.0 = Release|x64
		{A8C5A665-9398-4B01-BDF7-4C6FAE0688BE}.Debug|x64.ActiveCfg = Debug|x64
		{A8C5A665-9398-4B01-BDF7-4C6FAE0688BE}.Debug|x64.Build.0 = Debug|x64
		{A8C5A665-9398-4B01-BDF7-4C6FAE0688BE}.Release_AsmOutput|x64.ActiveCfg = Release_AsmOutput|x64
		{A8C5A665-9398-4B01-BDF7-4C6FAE0688BE}.Release_AsmOutput|x64.Build.0 = Release_AsmOutput|x64
		{A8C5A665-9398-4B01-BDF7-4C6FAE0688BE}.Release|x64.ActiveCfg = Release|x64
		{A8C5A665-9398-4B01-BDF7-4C6FAE0688BE}.Release|x64.Build.0 = Release|x64
		{B14D77D3-640F-43E0-8AA3-BC3FBE456450}.Debug|x64.ActiveCfg = Debug|x64
		{B14D77D3-640F-43E0-8AA3-BC3FBE456450}.Debug|x64.Build.0 = Debug|x64
		{B14D77D3-640F-43E0-8AA3-BC3FBE456450}.Release_AsmOutput|x64.ActiveCfg = Release|x64
		{B14D77D3-640F-43E0-8AA3-BC3FBE456450}.Release_AsmOutput|x64.Build.0 = Release|x64
		{B14D77D3-640F-43E0-8AA3-BC3FBE456450}.Release|x64.ActiveCfg = Release|x64
		{B14D77D3-640F-43E0-8AA3-BC3FBE456450}.Release|x64.Build.0 = Release|x64
		{ED8E4626-98CA-4B60-A4FE-A4651C06F51C}.Debug|x64.ActiveCfg = Debug|x64
		{ED8E4626-98CA-4B60-A4FE-A4651C06F51C}.Debug|x64.Build.0 = Debug|x64
		{ED8E4626-98CA-4B60-A4FE-A4651C06F51C}.Release_AsmOutput|x64.ActiveCfg = Release|x64
		{ED8E4626-98CA-4B60-A4FE-A4651C06F51C}.Release_AsmOutput|x64.Build.0 = Release|x64
		{ED8E4626-98CA-4B60-A4FE-A4651C06F51C}.Release|x64.ActiveCfg = Release|x64
		{ED8E4626-98CA-4B60-A4FE-A4651C06F51C}.Release|x64.Build.0 = Release|x64
		{542A2235-0CED-44BD-BCB7-65AA55623EC0}.Debug|x64.ActiveCfg = Debug|x64
		{542A2235-0CED-44BD-BCB7-65AA55623EC0}.Debug|x64.Build.0 = Debug|x64
		{542A2235-0CED-44BD-BCB7-65AA55623EC0}.Release_AsmOutput|x64.ActiveCfg = Release|x64
		{542A2235-0CED-44BD-BCB7-65AA55623EC0}.Release_AsmOutput|x64.Build.0 = Release|x64
		{542A2235-0CED-44BD-BCB7-65AA55623EC0}.Release|x64.ActiveCfg = Release|x64
		{542A2235-0CED-44BD-BCB7-65AA55623EC0}.Release|x64.Build.0 = Release|x64
		{CA53D0ED-52F6-4033-969A-C5B85FF6D96E}.Debug|x64.ActiveCfg = Debug|x64
		{CA53D0ED-52F6-4033-969A-C5B85FF6D96E}.Debug|x64.Build.0 = Debug|x64
		{CA53D0ED-52F6-4033-969A-C5B85FF6D96E}.Release_AsmOutput|x64.ActiveCfg = Release|x64
		{CA53D0ED-52F6-4033-969A-C5B85FF6D96E}.Release_AsmOutput|x64.Build.0 = Release|x64
		{CA53D0ED-52F6-4033-969A-C5B85FF6D96E}.Release|x64.ActiveCfg = Release|x64
		{CA53D0ED-52F6-4033-969A-C5B85FF6D96E}.Release|x64.Build.0 = Release|x64
		{FF492B0D-B3CC-43EC-8631-6AE8DCB9E52C}.Debug|x64.ActiveCfg = Debug|x64
		{FF492B0D-B3CC-43EC-8631-6AE8DCB9E52C}.Debug|x64.Build.0 = Debug|x64
		{FF492B0D-B3CC-43EC-8631-6AE8DCB9E52C}.Release_AsmOutput|x64.ActiveCfg = Release_AsmOutput|x64
		{FF492B0D-B3CC-43EC-8631-6AE8DCB9E52C}.Release_AsmOutput|x64.Build.0 = Release_AsmOutput|x64
		{FF492B0D-B3CC-43EC-8631-6AE8DCB9E52C}.Release|x64.ActiveCfg = Release|x64
		{FF492B0D-B3CC-43EC-8631-6AE8DCB9E52C}.Release|x64.Build.0 = Release|x64
		{7B25BA08-B2A6-456C-91F3-CCCB01D14539}.Debug|x64.ActiveCfg = Debug|x64
		{7B25BA08-B2A6-456C-91F3-CCCB01D14539}.Debug|x64.Build.0 = Debug|x64
		{7B25BA08-B2A6-456C-91F3-CCCB01D14539}.Release_AsmOutput|x64.ActiveCfg = Release|x64
		{7B25BA08-B2A6-456C-91F3-CCCB01D14539}.Release_AsmOutput|x64.Build.0 = Release|x64
		{7B25BA08-B2A6-456C-91F3-CCCB01D14539}.Release|x64.ActiveCfg = Release|x64
		{7B25BA08-B2A6-456C-91F3-CCCB01D14539}.Release|x64.Build.0 = Release|x64
		{91EF0863-4E5F-406B-A7A5-04EBE91DE17C}.Debug|x64.ActiveCfg = Debug|x64
		{91EF0863-4E5F-406B-A7A5-04EBE91DE17C}.Debug|x64.Build.0 = Debug|x64
		{91EF0863-4E5F-406B-A7A5-04EBE91DE17C}.Release_AsmOutput|x64.ActiveCfg = Release|x64
		{91EF0863-4E5F-406B-A7A5-04EBE91DE17C}.Release_AsmOutput|x64.Build.0 = Release|x64
		{91EF0863-4E5F-406B-A7A5-04EBE91DE17C}.Release|x64.ActiveCfg = Release|x64
		{91EF0863-4E5F-406B-A7A5-04EBE91DE17C}.Release|x64.Build.0 = Release|x64
	EndGlobalSection
	GlobalSection(SolutionProperties) = preSolution
		HideSolutionNode = FALSE
	EndGlobalSection
EndGlobal
